// !$*UTF8*$!
{
	archiveVersion = 1;
	classes = {
	};
	objectVersion = 56;
	objects = {

/* Begin PBXBuildFile section */
		B17C4AC32CC153B7002D30EE /* AppDelegate.swift in Sources */ = {isa = PBXBuildFile; fileRef = B17C4AC22CC153B7002D30EE /* AppDelegate.swift */; };
		B17C4AC52CC153B7002D30EE /* SceneDelegate.swift in Sources */ = {isa = PBXBuildFile; fileRef = B17C4AC42CC153B7002D30EE /* SceneDelegate.swift */; };
		B17C4ACC2CC153BA002D30EE /* Assets.xcassets in Resources */ = {isa = PBXBuildFile; fileRef = B17C4ACB2CC153BA002D30EE /* Assets.xcassets */; };
		B17C4ACF2CC153BA002D30EE /* Base in Resources */ = {isa = PBXBuildFile; fileRef = B17C4ACE2CC153BA002D30EE /* Base */; };
		B17C4AD82CC153CC002D30EE /* SnapKit in Frameworks */ = {isa = PBXBuildFile; productRef = B17C4AD72CC153CC002D30EE /* SnapKit */; };
		B17C4ADE2CC17736002D30EE /* NetworkManager.swift in Sources */ = {isa = PBXBuildFile; fileRef = B17C4ADD2CC17736002D30EE /* NetworkManager.swift */; };
		B17C4AE02CC179B9002D30EE /* Request.swift in Sources */ = {isa = PBXBuildFile; fileRef = B17C4ADF2CC179B9002D30EE /* Request.swift */; };
		B17C4AE52CC1800B002D30EE /* TrendingMoviesRequest.swift in Sources */ = {isa = PBXBuildFile; fileRef = B17C4AE42CC1800B002D30EE /* TrendingMoviesRequest.swift */; };
		B17C4AE72CC1807E002D30EE /* TrendingMoviesRequestDTO.swift in Sources */ = {isa = PBXBuildFile; fileRef = B17C4AE62CC1807E002D30EE /* TrendingMoviesRequestDTO.swift */; };
		B17C4AE92CC180CA002D30EE /* GetTrendingMoviesRequest.swift in Sources */ = {isa = PBXBuildFile; fileRef = B17C4AE82CC180CA002D30EE /* GetTrendingMoviesRequest.swift */; };
		B17C4AEB2CC18131002D30EE /* TrendingMoviesResponse.swift in Sources */ = {isa = PBXBuildFile; fileRef = B17C4AEA2CC18131002D30EE /* TrendingMoviesResponse.swift */; };
		B17C4AED2CC1820F002D30EE /* TrendingMoviesResponseDTO.swift in Sources */ = {isa = PBXBuildFile; fileRef = B17C4AEC2CC1820F002D30EE /* TrendingMoviesResponseDTO.swift */; };
		B17C4AF22CC18E04002D30EE /* MovieByIDRequest.swift in Sources */ = {isa = PBXBuildFile; fileRef = B17C4AF12CC18E04002D30EE /* MovieByIDRequest.swift */; };
		B17C4AF42CC18E47002D30EE /* MovieByIDRequestDTO.swift in Sources */ = {isa = PBXBuildFile; fileRef = B17C4AF32CC18E47002D30EE /* MovieByIDRequestDTO.swift */; };
		B17C4AF62CC18E89002D30EE /* Movie.swift in Sources */ = {isa = PBXBuildFile; fileRef = B17C4AF52CC18E89002D30EE /* Movie.swift */; };
		B17C4AF82CC18FD6002D30EE /* MovieByIDResponseDTO.swift in Sources */ = {isa = PBXBuildFile; fileRef = B17C4AF72CC18FD6002D30EE /* MovieByIDResponseDTO.swift */; };
		B17C4AFA2CC19178002D30EE /* GetMovieByIDRequest.swift in Sources */ = {isa = PBXBuildFile; fileRef = B17C4AF92CC19178002D30EE /* GetMovieByIDRequest.swift */; };
		B17C4AFE2CC19526002D30EE /* TrendingMoviesViewController.swift in Sources */ = {isa = PBXBuildFile; fileRef = B17C4AFD2CC19526002D30EE /* TrendingMoviesViewController.swift */; };
		B17C4B072CC1985E002D30EE /* Factory in Frameworks */ = {isa = PBXBuildFile; productRef = B17C4B062CC1985E002D30EE /* Factory */; };
		B17C4B0A2CC198DC002D30EE /* TrendingMoviesDataSource.swift in Sources */ = {isa = PBXBuildFile; fileRef = B17C4B092CC198DC002D30EE /* TrendingMoviesDataSource.swift */; };
		B17C4B0D2CC19A16002D30EE /* NetworkInjection.swift in Sources */ = {isa = PBXBuildFile; fileRef = B17C4B0C2CC19A16002D30EE /* NetworkInjection.swift */; };
		B17C4B0F2CC19B43002D30EE /* TrendingMoviesDomainToDTOMapper.swift in Sources */ = {isa = PBXBuildFile; fileRef = B17C4B0E2CC19B43002D30EE /* TrendingMoviesDomainToDTOMapper.swift */; };
		B17C4B112CC19BA6002D30EE /* TrendingMoviesDTOToDomainMapper.swift in Sources */ = {isa = PBXBuildFile; fileRef = B17C4B102CC19BA6002D30EE /* TrendingMoviesDTOToDomainMapper.swift */; };
		B17C4B132CC19D41002D30EE /* TrendingMoviesRepository.swift in Sources */ = {isa = PBXBuildFile; fileRef = B17C4B122CC19D41002D30EE /* TrendingMoviesRepository.swift */; };
		B17C4B152CC19E3D002D30EE /* DefaultTrendingMoviesRepository.swift in Sources */ = {isa = PBXBuildFile; fileRef = B17C4B142CC19E3D002D30EE /* DefaultTrendingMoviesRepository.swift */; };
		B17C4B182CC19F60002D30EE /* TrendingMoviesContainer.swift in Sources */ = {isa = PBXBuildFile; fileRef = B17C4B172CC19F60002D30EE /* TrendingMoviesContainer.swift */; };
		B17C4B1A2CC1A023002D30EE /* Injection.swift in Sources */ = {isa = PBXBuildFile; fileRef = B17C4B192CC1A023002D30EE /* Injection.swift */; };
		B17C4B1C2CC1A251002D30EE /* TrendingMoviesUseCase.swift in Sources */ = {isa = PBXBuildFile; fileRef = B17C4B1B2CC1A251002D30EE /* TrendingMoviesUseCase.swift */; };
		B17C4B1F2CC1AF0F002D30EE /* MovieByIDDomainToDTOMapper.swift in Sources */ = {isa = PBXBuildFile; fileRef = B17C4B1E2CC1AF0F002D30EE /* MovieByIDDomainToDTOMapper.swift */; };
		B17C4B212CC1AF4C002D30EE /* MovieByIDDTOToDomainMapper.swift in Sources */ = {isa = PBXBuildFile; fileRef = B17C4B202CC1AF4C002D30EE /* MovieByIDDTOToDomainMapper.swift */; };
		B17C4B242CC1AFF7002D30EE /* MovieByIDDataSource.swift in Sources */ = {isa = PBXBuildFile; fileRef = B17C4B232CC1AFF7002D30EE /* MovieByIDDataSource.swift */; };
		B17C4B272CC1B070002D30EE /* MovieDetailsContainer.swift in Sources */ = {isa = PBXBuildFile; fileRef = B17C4B262CC1B070002D30EE /* MovieDetailsContainer.swift */; };
		B17C4B2B2CC1B595002D30EE /* MovieByIDRepository.swift in Sources */ = {isa = PBXBuildFile; fileRef = B17C4B2A2CC1B595002D30EE /* MovieByIDRepository.swift */; };
		B17C4B2E2CC1B5DB002D30EE /* DefaultMovieByIDRepository.swift in Sources */ = {isa = PBXBuildFile; fileRef = B17C4B2D2CC1B5DB002D30EE /* DefaultMovieByIDRepository.swift */; };
		B17C4B312CC1B686002D30EE /* MovieByIDUseCase.swift in Sources */ = {isa = PBXBuildFile; fileRef = B17C4B302CC1B686002D30EE /* MovieByIDUseCase.swift */; };
		B17C4B362CC1B88B002D30EE /* TrendingMoviesViewModel.swift in Sources */ = {isa = PBXBuildFile; fileRef = B17C4B352CC1B88B002D30EE /* TrendingMoviesViewModel.swift */; };
		B17C4B3B2CC1C152002D30EE /* MovieDetailsViewController.swift in Sources */ = {isa = PBXBuildFile; fileRef = B17C4B3A2CC1C152002D30EE /* MovieDetailsViewController.swift */; };
		B17C4B3D2CC1C30C002D30EE /* MovieDetailsViewModel.swift in Sources */ = {isa = PBXBuildFile; fileRef = B17C4B3C2CC1C30C002D30EE /* MovieDetailsViewModel.swift */; };
		B17C4B422CC1D6D0002D30EE /* MovieImageRequest.swift in Sources */ = {isa = PBXBuildFile; fileRef = B17C4B412CC1D6D0002D30EE /* MovieImageRequest.swift */; };
		B17C4B442CC1D6FB002D30EE /* MovieImageRequestDTO.swift in Sources */ = {isa = PBXBuildFile; fileRef = B17C4B432CC1D6FB002D30EE /* MovieImageRequestDTO.swift */; };
		B17C4B472CC1D72A002D30EE /* MovieImageResponse.swift in Sources */ = {isa = PBXBuildFile; fileRef = B17C4B462CC1D72A002D30EE /* MovieImageResponse.swift */; };
		B17C4B492CC1D754002D30EE /* MovieImageResponseDTO.swift in Sources */ = {isa = PBXBuildFile; fileRef = B17C4B482CC1D754002D30EE /* MovieImageResponseDTO.swift */; };
		B17C4B4B2CC1D77E002D30EE /* MovieImageDomainToDTOMapper.swift in Sources */ = {isa = PBXBuildFile; fileRef = B17C4B4A2CC1D77E002D30EE /* MovieImageDomainToDTOMapper.swift */; };
		B17C4B4D2CC1D7C2002D30EE /* MovieImageDTOToDomainMapper.swift in Sources */ = {isa = PBXBuildFile; fileRef = B17C4B4C2CC1D7C2002D30EE /* MovieImageDTOToDomainMapper.swift */; };
		B17C4B502CC1D801002D30EE /* MovieImageDataSource.swift in Sources */ = {isa = PBXBuildFile; fileRef = B17C4B4F2CC1D801002D30EE /* MovieImageDataSource.swift */; };
		B17C4B522CC1D84D002D30EE /* GetMovieImageRequest.swift in Sources */ = {isa = PBXBuildFile; fileRef = B17C4B512CC1D84D002D30EE /* GetMovieImageRequest.swift */; };
		B17C4B572CC1D932002D30EE /* MovieImageRepository.swift in Sources */ = {isa = PBXBuildFile; fileRef = B17C4B562CC1D932002D30EE /* MovieImageRepository.swift */; };
		B17C4B5A2CC1D967002D30EE /* DefaultMovieImageRepository.swift in Sources */ = {isa = PBXBuildFile; fileRef = B17C4B592CC1D967002D30EE /* DefaultMovieImageRepository.swift */; };
		B17C4B5D2CC1DA63002D30EE /* MovieImageUseCase.swift in Sources */ = {isa = PBXBuildFile; fileRef = B17C4B5C2CC1DA63002D30EE /* MovieImageUseCase.swift */; };
		B17C4B602CC1DB3D002D30EE /* SDWebImage in Frameworks */ = {isa = PBXBuildFile; productRef = B17C4B5F2CC1DB3D002D30EE /* SDWebImage */; };
		B17C4B632CC1E98C002D30EE /* SwiftyJSON in Frameworks */ = {isa = PBXBuildFile; productRef = B17C4B622CC1E98C002D30EE /* SwiftyJSON */; };
		B17C4B672CC1EDAC002D30EE /* MoviesByTitleRequest.swift in Sources */ = {isa = PBXBuildFile; fileRef = B17C4B662CC1EDAC002D30EE /* MoviesByTitleRequest.swift */; };
		B17C4B692CC1EE00002D30EE /* MoviesByTitleRequestDTO.swift in Sources */ = {isa = PBXBuildFile; fileRef = B17C4B682CC1EE00002D30EE /* MoviesByTitleRequestDTO.swift */; };
		B17C4B6B2CC1EE29002D30EE /* MoviesByTitleResponse.swift in Sources */ = {isa = PBXBuildFile; fileRef = B17C4B6A2CC1EE29002D30EE /* MoviesByTitleResponse.swift */; };
		B17C4B6D2CC1EEB5002D30EE /* MoviesByTitleResponseDTO.swift in Sources */ = {isa = PBXBuildFile; fileRef = B17C4B6C2CC1EEB5002D30EE /* MoviesByTitleResponseDTO.swift */; };
		B17C4B6F2CC1EF21002D30EE /* GetMoviesByTitleRequest.swift in Sources */ = {isa = PBXBuildFile; fileRef = B17C4B6E2CC1EF21002D30EE /* GetMoviesByTitleRequest.swift */; };
		B17C4B712CC1EF7F002D30EE /* MoviesByTitleDomainToDTOMapper.swift in Sources */ = {isa = PBXBuildFile; fileRef = B17C4B702CC1EF7F002D30EE /* MoviesByTitleDomainToDTOMapper.swift */; };
		B17C4B742CC1EF9A002D30EE /* MoviesByTitleDTOToDomainMapper.swift in Sources */ = {isa = PBXBuildFile; fileRef = B17C4B732CC1EF9A002D30EE /* MoviesByTitleDTOToDomainMapper.swift */; };
		B17C4B772CC1F01D002D30EE /* MoviesByTitleDataSource.swift in Sources */ = {isa = PBXBuildFile; fileRef = B17C4B762CC1F01D002D30EE /* MoviesByTitleDataSource.swift */; };
		B17C4B7E2CC22142002D30EE /* MoviesByTitleContainer.swift in Sources */ = {isa = PBXBuildFile; fileRef = B17C4B7D2CC22142002D30EE /* MoviesByTitleContainer.swift */; };
		B17C4B802CC221FB002D30EE /* MoviesByTitleRepository.swift in Sources */ = {isa = PBXBuildFile; fileRef = B17C4B7F2CC221FB002D30EE /* MoviesByTitleRepository.swift */; };
		B17C4B822CC2222E002D30EE /* DefaultMoviesByTitleRepository.swift in Sources */ = {isa = PBXBuildFile; fileRef = B17C4B812CC2222E002D30EE /* DefaultMoviesByTitleRepository.swift */; };
		B17C4B852CC22309002D30EE /* MoviesByTitleUseCase.swift in Sources */ = {isa = PBXBuildFile; fileRef = B17C4B842CC22309002D30EE /* MoviesByTitleUseCase.swift */; };
		B17C4B8B2CC22D6D002D30EE /* Coordinator.swift in Sources */ = {isa = PBXBuildFile; fileRef = B17C4B8A2CC22D6D002D30EE /* Coordinator.swift */; };
		B17C4B932CC238DE002D30EE /* SearchTextField.swift in Sources */ = {isa = PBXBuildFile; fileRef = B17C4B922CC238DD002D30EE /* SearchTextField.swift */; };
		B17C4B982CC24463002D30EE /* MovieTableViewCell.swift in Sources */ = {isa = PBXBuildFile; fileRef = B17C4B972CC24463002D30EE /* MovieTableViewCell.swift */; };
		B17C4B9C2CC24928002D30EE /* View+Extensions.swift in Sources */ = {isa = PBXBuildFile; fileRef = B17C4B9B2CC24928002D30EE /* View+Extensions.swift */; };
/* End PBXBuildFile section */

/* Begin PBXFileReference section */
		B17C4ABF2CC153B7002D30EE /* MovieApp.app */ = {isa = PBXFileReference; explicitFileType = wrapper.application; includeInIndex = 0; path = MovieApp.app; sourceTree = BUILT_PRODUCTS_DIR; };
		B17C4AC22CC153B7002D30EE /* AppDelegate.swift */ = {isa = PBXFileReference; lastKnownFileType = sourcecode.swift; path = AppDelegate.swift; sourceTree = "<group>"; };
		B17C4AC42CC153B7002D30EE /* SceneDelegate.swift */ = {isa = PBXFileReference; lastKnownFileType = sourcecode.swift; path = SceneDelegate.swift; sourceTree = "<group>"; };
		B17C4ACB2CC153BA002D30EE /* Assets.xcassets */ = {isa = PBXFileReference; lastKnownFileType = folder.assetcatalog; path = Assets.xcassets; sourceTree = "<group>"; };
		B17C4ACE2CC153BA002D30EE /* Base */ = {isa = PBXFileReference; lastKnownFileType = file.storyboard; name = Base; path = Base.lproj/LaunchScreen.storyboard; sourceTree = "<group>"; };
		B17C4AD02CC153BA002D30EE /* Info.plist */ = {isa = PBXFileReference; lastKnownFileType = text.plist.xml; path = Info.plist; sourceTree = "<group>"; };
		B17C4ADD2CC17736002D30EE /* NetworkManager.swift */ = {isa = PBXFileReference; lastKnownFileType = sourcecode.swift; path = NetworkManager.swift; sourceTree = "<group>"; };
		B17C4ADF2CC179B9002D30EE /* Request.swift */ = {isa = PBXFileReference; lastKnownFileType = sourcecode.swift; path = Request.swift; sourceTree = "<group>"; };
		B17C4AE42CC1800B002D30EE /* TrendingMoviesRequest.swift */ = {isa = PBXFileReference; lastKnownFileType = sourcecode.swift; path = TrendingMoviesRequest.swift; sourceTree = "<group>"; };
		B17C4AE62CC1807E002D30EE /* TrendingMoviesRequestDTO.swift */ = {isa = PBXFileReference; lastKnownFileType = sourcecode.swift; path = TrendingMoviesRequestDTO.swift; sourceTree = "<group>"; };
		B17C4AE82CC180CA002D30EE /* GetTrendingMoviesRequest.swift */ = {isa = PBXFileReference; lastKnownFileType = sourcecode.swift; path = GetTrendingMoviesRequest.swift; sourceTree = "<group>"; };
		B17C4AEA2CC18131002D30EE /* TrendingMoviesResponse.swift */ = {isa = PBXFileReference; lastKnownFileType = sourcecode.swift; path = TrendingMoviesResponse.swift; sourceTree = "<group>"; };
		B17C4AEC2CC1820F002D30EE /* TrendingMoviesResponseDTO.swift */ = {isa = PBXFileReference; lastKnownFileType = sourcecode.swift; path = TrendingMoviesResponseDTO.swift; sourceTree = "<group>"; };
		B17C4AF12CC18E04002D30EE /* MovieByIDRequest.swift */ = {isa = PBXFileReference; lastKnownFileType = sourcecode.swift; path = MovieByIDRequest.swift; sourceTree = "<group>"; };
		B17C4AF32CC18E47002D30EE /* MovieByIDRequestDTO.swift */ = {isa = PBXFileReference; lastKnownFileType = sourcecode.swift; path = MovieByIDRequestDTO.swift; sourceTree = "<group>"; };
		B17C4AF52CC18E89002D30EE /* Movie.swift */ = {isa = PBXFileReference; lastKnownFileType = sourcecode.swift; path = Movie.swift; sourceTree = "<group>"; };
		B17C4AF72CC18FD6002D30EE /* MovieByIDResponseDTO.swift */ = {isa = PBXFileReference; lastKnownFileType = sourcecode.swift; path = MovieByIDResponseDTO.swift; sourceTree = "<group>"; };
		B17C4AF92CC19178002D30EE /* GetMovieByIDRequest.swift */ = {isa = PBXFileReference; lastKnownFileType = sourcecode.swift; path = GetMovieByIDRequest.swift; sourceTree = "<group>"; };
		B17C4AFD2CC19526002D30EE /* TrendingMoviesViewController.swift */ = {isa = PBXFileReference; lastKnownFileType = sourcecode.swift; path = TrendingMoviesViewController.swift; sourceTree = "<group>"; };
		B17C4B092CC198DC002D30EE /* TrendingMoviesDataSource.swift */ = {isa = PBXFileReference; lastKnownFileType = sourcecode.swift; path = TrendingMoviesDataSource.swift; sourceTree = "<group>"; };
		B17C4B0C2CC19A16002D30EE /* NetworkInjection.swift */ = {isa = PBXFileReference; lastKnownFileType = sourcecode.swift; path = NetworkInjection.swift; sourceTree = "<group>"; };
		B17C4B0E2CC19B43002D30EE /* TrendingMoviesDomainToDTOMapper.swift */ = {isa = PBXFileReference; lastKnownFileType = sourcecode.swift; path = TrendingMoviesDomainToDTOMapper.swift; sourceTree = "<group>"; };
		B17C4B102CC19BA6002D30EE /* TrendingMoviesDTOToDomainMapper.swift */ = {isa = PBXFileReference; lastKnownFileType = sourcecode.swift; path = TrendingMoviesDTOToDomainMapper.swift; sourceTree = "<group>"; };
		B17C4B122CC19D41002D30EE /* TrendingMoviesRepository.swift */ = {isa = PBXFileReference; lastKnownFileType = sourcecode.swift; path = TrendingMoviesRepository.swift; sourceTree = "<group>"; };
		B17C4B142CC19E3D002D30EE /* DefaultTrendingMoviesRepository.swift */ = {isa = PBXFileReference; lastKnownFileType = sourcecode.swift; path = DefaultTrendingMoviesRepository.swift; sourceTree = "<group>"; };
		B17C4B172CC19F60002D30EE /* TrendingMoviesContainer.swift */ = {isa = PBXFileReference; lastKnownFileType = sourcecode.swift; path = TrendingMoviesContainer.swift; sourceTree = "<group>"; };
		B17C4B192CC1A023002D30EE /* Injection.swift */ = {isa = PBXFileReference; lastKnownFileType = sourcecode.swift; path = Injection.swift; sourceTree = "<group>"; };
		B17C4B1B2CC1A251002D30EE /* TrendingMoviesUseCase.swift */ = {isa = PBXFileReference; lastKnownFileType = sourcecode.swift; path = TrendingMoviesUseCase.swift; sourceTree = "<group>"; };
		B17C4B1E2CC1AF0F002D30EE /* MovieByIDDomainToDTOMapper.swift */ = {isa = PBXFileReference; lastKnownFileType = sourcecode.swift; path = MovieByIDDomainToDTOMapper.swift; sourceTree = "<group>"; };
		B17C4B202CC1AF4C002D30EE /* MovieByIDDTOToDomainMapper.swift */ = {isa = PBXFileReference; lastKnownFileType = sourcecode.swift; path = MovieByIDDTOToDomainMapper.swift; sourceTree = "<group>"; };
		B17C4B232CC1AFF7002D30EE /* MovieByIDDataSource.swift */ = {isa = PBXFileReference; lastKnownFileType = sourcecode.swift; path = MovieByIDDataSource.swift; sourceTree = "<group>"; };
		B17C4B262CC1B070002D30EE /* MovieDetailsContainer.swift */ = {isa = PBXFileReference; lastKnownFileType = sourcecode.swift; path = MovieDetailsContainer.swift; sourceTree = "<group>"; };
		B17C4B2A2CC1B595002D30EE /* MovieByIDRepository.swift */ = {isa = PBXFileReference; lastKnownFileType = sourcecode.swift; path = MovieByIDRepository.swift; sourceTree = "<group>"; };
		B17C4B2D2CC1B5DB002D30EE /* DefaultMovieByIDRepository.swift */ = {isa = PBXFileReference; lastKnownFileType = sourcecode.swift; path = DefaultMovieByIDRepository.swift; sourceTree = "<group>"; };
		B17C4B302CC1B686002D30EE /* MovieByIDUseCase.swift */ = {isa = PBXFileReference; lastKnownFileType = sourcecode.swift; path = MovieByIDUseCase.swift; sourceTree = "<group>"; };
		B17C4B352CC1B88B002D30EE /* TrendingMoviesViewModel.swift */ = {isa = PBXFileReference; lastKnownFileType = sourcecode.swift; path = TrendingMoviesViewModel.swift; sourceTree = "<group>"; };
		B17C4B3A2CC1C152002D30EE /* MovieDetailsViewController.swift */ = {isa = PBXFileReference; lastKnownFileType = sourcecode.swift; path = MovieDetailsViewController.swift; sourceTree = "<group>"; };
		B17C4B3C2CC1C30C002D30EE /* MovieDetailsViewModel.swift */ = {isa = PBXFileReference; lastKnownFileType = sourcecode.swift; path = MovieDetailsViewModel.swift; sourceTree = "<group>"; };
		B17C4B412CC1D6D0002D30EE /* MovieImageRequest.swift */ = {isa = PBXFileReference; lastKnownFileType = sourcecode.swift; path = MovieImageRequest.swift; sourceTree = "<group>"; };
		B17C4B432CC1D6FB002D30EE /* MovieImageRequestDTO.swift */ = {isa = PBXFileReference; lastKnownFileType = sourcecode.swift; path = MovieImageRequestDTO.swift; sourceTree = "<group>"; };
		B17C4B462CC1D72A002D30EE /* MovieImageResponse.swift */ = {isa = PBXFileReference; lastKnownFileType = sourcecode.swift; path = MovieImageResponse.swift; sourceTree = "<group>"; };
		B17C4B482CC1D754002D30EE /* MovieImageResponseDTO.swift */ = {isa = PBXFileReference; lastKnownFileType = sourcecode.swift; path = MovieImageResponseDTO.swift; sourceTree = "<group>"; };
		B17C4B4A2CC1D77E002D30EE /* MovieImageDomainToDTOMapper.swift */ = {isa = PBXFileReference; lastKnownFileType = sourcecode.swift; path = MovieImageDomainToDTOMapper.swift; sourceTree = "<group>"; };
		B17C4B4C2CC1D7C2002D30EE /* MovieImageDTOToDomainMapper.swift */ = {isa = PBXFileReference; lastKnownFileType = sourcecode.swift; path = MovieImageDTOToDomainMapper.swift; sourceTree = "<group>"; };
		B17C4B4F2CC1D801002D30EE /* MovieImageDataSource.swift */ = {isa = PBXFileReference; lastKnownFileType = sourcecode.swift; path = MovieImageDataSource.swift; sourceTree = "<group>"; };
		B17C4B512CC1D84D002D30EE /* GetMovieImageRequest.swift */ = {isa = PBXFileReference; lastKnownFileType = sourcecode.swift; path = GetMovieImageRequest.swift; sourceTree = "<group>"; };
		B17C4B562CC1D932002D30EE /* MovieImageRepository.swift */ = {isa = PBXFileReference; lastKnownFileType = sourcecode.swift; path = MovieImageRepository.swift; sourceTree = "<group>"; };
		B17C4B592CC1D967002D30EE /* DefaultMovieImageRepository.swift */ = {isa = PBXFileReference; lastKnownFileType = sourcecode.swift; path = DefaultMovieImageRepository.swift; sourceTree = "<group>"; };
		B17C4B5C2CC1DA63002D30EE /* MovieImageUseCase.swift */ = {isa = PBXFileReference; lastKnownFileType = sourcecode.swift; path = MovieImageUseCase.swift; sourceTree = "<group>"; };
		B17C4B662CC1EDAC002D30EE /* MoviesByTitleRequest.swift */ = {isa = PBXFileReference; lastKnownFileType = sourcecode.swift; path = MoviesByTitleRequest.swift; sourceTree = "<group>"; };
		B17C4B682CC1EE00002D30EE /* MoviesByTitleRequestDTO.swift */ = {isa = PBXFileReference; lastKnownFileType = sourcecode.swift; path = MoviesByTitleRequestDTO.swift; sourceTree = "<group>"; };
		B17C4B6A2CC1EE29002D30EE /* MoviesByTitleResponse.swift */ = {isa = PBXFileReference; lastKnownFileType = sourcecode.swift; path = MoviesByTitleResponse.swift; sourceTree = "<group>"; };
		B17C4B6C2CC1EEB5002D30EE /* MoviesByTitleResponseDTO.swift */ = {isa = PBXFileReference; lastKnownFileType = sourcecode.swift; path = MoviesByTitleResponseDTO.swift; sourceTree = "<group>"; };
		B17C4B6E2CC1EF21002D30EE /* GetMoviesByTitleRequest.swift */ = {isa = PBXFileReference; lastKnownFileType = sourcecode.swift; path = GetMoviesByTitleRequest.swift; sourceTree = "<group>"; };
		B17C4B702CC1EF7F002D30EE /* MoviesByTitleDomainToDTOMapper.swift */ = {isa = PBXFileReference; lastKnownFileType = sourcecode.swift; path = MoviesByTitleDomainToDTOMapper.swift; sourceTree = "<group>"; };
		B17C4B732CC1EF9A002D30EE /* MoviesByTitleDTOToDomainMapper.swift */ = {isa = PBXFileReference; lastKnownFileType = sourcecode.swift; path = MoviesByTitleDTOToDomainMapper.swift; sourceTree = "<group>"; };
		B17C4B762CC1F01D002D30EE /* MoviesByTitleDataSource.swift */ = {isa = PBXFileReference; lastKnownFileType = sourcecode.swift; path = MoviesByTitleDataSource.swift; sourceTree = "<group>"; };
		B17C4B7D2CC22142002D30EE /* MoviesByTitleContainer.swift */ = {isa = PBXFileReference; lastKnownFileType = sourcecode.swift; path = MoviesByTitleContainer.swift; sourceTree = "<group>"; };
		B17C4B7F2CC221FB002D30EE /* MoviesByTitleRepository.swift */ = {isa = PBXFileReference; lastKnownFileType = sourcecode.swift; path = MoviesByTitleRepository.swift; sourceTree = "<group>"; };
		B17C4B812CC2222E002D30EE /* DefaultMoviesByTitleRepository.swift */ = {isa = PBXFileReference; lastKnownFileType = sourcecode.swift; path = DefaultMoviesByTitleRepository.swift; sourceTree = "<group>"; };
		B17C4B842CC22309002D30EE /* MoviesByTitleUseCase.swift */ = {isa = PBXFileReference; lastKnownFileType = sourcecode.swift; path = MoviesByTitleUseCase.swift; sourceTree = "<group>"; };
		B17C4B8A2CC22D6D002D30EE /* Coordinator.swift */ = {isa = PBXFileReference; lastKnownFileType = sourcecode.swift; path = Coordinator.swift; sourceTree = "<group>"; };
		B17C4B922CC238DD002D30EE /* SearchTextField.swift */ = {isa = PBXFileReference; lastKnownFileType = sourcecode.swift; path = SearchTextField.swift; sourceTree = "<group>"; };
		B17C4B972CC24463002D30EE /* MovieTableViewCell.swift */ = {isa = PBXFileReference; lastKnownFileType = sourcecode.swift; path = MovieTableViewCell.swift; sourceTree = "<group>"; };
		B17C4B9B2CC24928002D30EE /* View+Extensions.swift */ = {isa = PBXFileReference; lastKnownFileType = sourcecode.swift; path = "View+Extensions.swift"; sourceTree = "<group>"; };
/* End PBXFileReference section */

/* Begin PBXFrameworksBuildPhase section */
		B17C4ABC2CC153B7002D30EE /* Frameworks */ = {
			isa = PBXFrameworksBuildPhase;
			buildActionMask = 2147483647;
			files = (
				B17C4B602CC1DB3D002D30EE /* SDWebImage in Frameworks */,
				B17C4AD82CC153CC002D30EE /* SnapKit in Frameworks */,
				B17C4B632CC1E98C002D30EE /* SwiftyJSON in Frameworks */,
				B17C4B072CC1985E002D30EE /* Factory in Frameworks */,
			);
			runOnlyForDeploymentPostprocessing = 0;
		};
/* End PBXFrameworksBuildPhase section */

/* Begin PBXGroup section */
		B17C4AB62CC153B7002D30EE = {
			isa = PBXGroup;
			children = (
				B17C4AC12CC153B7002D30EE /* MovieApp */,
				B17C4AC02CC153B7002D30EE /* Products */,
			);
			sourceTree = "<group>";
		};
		B17C4AC02CC153B7002D30EE /* Products */ = {
			isa = PBXGroup;
			children = (
				B17C4ABF2CC153B7002D30EE /* MovieApp.app */,
			);
			name = Products;
			sourceTree = "<group>";
		};
		B17C4AC12CC153B7002D30EE /* MovieApp */ = {
			isa = PBXGroup;
			children = (
				B17C4B952CC241AE002D30EE /* Resources */,
				B17C4B942CC2419E002D30EE /* App */,
				B17C4B892CC22CE2002D30EE /* Coordinator */,
				B17C4B162CC19E83002D30EE /* DI */,
				B17C4B022CC197D3002D30EE /* Domain */,
				B17C4AFB2CC194C9002D30EE /* Presentation */,
				B17C4AE22CC17F74002D30EE /* Data */,
				B17C4ADC2CC17709002D30EE /* Network */,
				B17C4B992CC248EF002D30EE /* Helpers */,
				B17C4AD02CC153BA002D30EE /* Info.plist */,
			);
			path = MovieApp;
			sourceTree = "<group>";
		};
		B17C4ADC2CC17709002D30EE /* Network */ = {
			isa = PBXGroup;
			children = (
				B17C4B0B2CC199DA002D30EE /* DI */,
				B17C4AE12CC17ED9002D30EE /* Request */,
				B17C4ADD2CC17736002D30EE /* NetworkManager.swift */,
			);
			path = Network;
			sourceTree = "<group>";
		};
		B17C4AE12CC17ED9002D30EE /* Request */ = {
			isa = PBXGroup;
			children = (
				B17C4ADF2CC179B9002D30EE /* Request.swift */,
			);
			path = Request;
			sourceTree = "<group>";
		};
		B17C4AE22CC17F74002D30EE /* Data */ = {
			isa = PBXGroup;
			children = (
				B17C4B642CC1ED7F002D30EE /* MoviesByTitle */,
				B17C4B402CC1D683002D30EE /* MovieDetails */,
				B17C4AEE2CC18D8C002D30EE /* TrendingMovies */,
			);
			path = Data;
			sourceTree = "<group>";
		};
		B17C4AE32CC17F7B002D30EE /* DTO */ = {
			isa = PBXGroup;
			children = (
				B17C4AE42CC1800B002D30EE /* TrendingMoviesRequest.swift */,
				B17C4AE62CC1807E002D30EE /* TrendingMoviesRequestDTO.swift */,
				B17C4AE82CC180CA002D30EE /* GetTrendingMoviesRequest.swift */,
				B17C4AEA2CC18131002D30EE /* TrendingMoviesResponse.swift */,
				B17C4AEC2CC1820F002D30EE /* TrendingMoviesResponseDTO.swift */,
			);
			path = DTO;
			sourceTree = "<group>";
		};
		B17C4AEE2CC18D8C002D30EE /* TrendingMovies */ = {
			isa = PBXGroup;
			children = (
				B17C4B012CC197C1002D30EE /* Mapper */,
				B17C4B002CC197B9002D30EE /* Repository */,
				B17C4AFF2CC197AE002D30EE /* DataSource */,
				B17C4AE32CC17F7B002D30EE /* DTO */,
			);
			path = TrendingMovies;
			sourceTree = "<group>";
		};
		B17C4AEF2CC18D9B002D30EE /* MovieByID */ = {
			isa = PBXGroup;
			children = (
				B17C4B2C2CC1B5C5002D30EE /* Repository */,
				B17C4B222CC1AFE1002D30EE /* DataSource */,
				B17C4B1D2CC1AEF4002D30EE /* Mapper */,
				B17C4AF02CC18DB9002D30EE /* DTO */,
			);
			path = MovieByID;
			sourceTree = "<group>";
		};
		B17C4AF02CC18DB9002D30EE /* DTO */ = {
			isa = PBXGroup;
			children = (
				B17C4AF12CC18E04002D30EE /* MovieByIDRequest.swift */,
				B17C4AF32CC18E47002D30EE /* MovieByIDRequestDTO.swift */,
				B17C4AF52CC18E89002D30EE /* Movie.swift */,
				B17C4AF72CC18FD6002D30EE /* MovieByIDResponseDTO.swift */,
				B17C4AF92CC19178002D30EE /* GetMovieByIDRequest.swift */,
			);
			path = DTO;
			sourceTree = "<group>";
		};
		B17C4AFB2CC194C9002D30EE /* Presentation */ = {
			isa = PBXGroup;
			children = (
				B17C4B7B2CC22128002D30EE /* MoviesByTitle */,
				B17C4B252CC1B04F002D30EE /* MovieDetails */,
				B17C4AFC2CC194EE002D30EE /* TrendingMovies */,
			);
			path = Presentation;
			sourceTree = "<group>";
		};
		B17C4AFC2CC194EE002D30EE /* TrendingMovies */ = {
			isa = PBXGroup;
			children = (
				B17C4B342CC1B81C002D30EE /* ViewModel */,
				B17C4B332CC1B815002D30EE /* View */,
				B17C4B322CC1B80B002D30EE /* DI */,
			);
			path = TrendingMovies;
			sourceTree = "<group>";
		};
		B17C4AFF2CC197AE002D30EE /* DataSource */ = {
			isa = PBXGroup;
			children = (
				B17C4B092CC198DC002D30EE /* TrendingMoviesDataSource.swift */,
			);
			path = DataSource;
			sourceTree = "<group>";
		};
		B17C4B002CC197B9002D30EE /* Repository */ = {
			isa = PBXGroup;
			children = (
				B17C4B142CC19E3D002D30EE /* DefaultTrendingMoviesRepository.swift */,
			);
			path = Repository;
			sourceTree = "<group>";
		};
		B17C4B012CC197C1002D30EE /* Mapper */ = {
			isa = PBXGroup;
			children = (
				B17C4B0E2CC19B43002D30EE /* TrendingMoviesDomainToDTOMapper.swift */,
				B17C4B102CC19BA6002D30EE /* TrendingMoviesDTOToDomainMapper.swift */,
			);
			path = Mapper;
			sourceTree = "<group>";
		};
		B17C4B022CC197D3002D30EE /* Domain */ = {
			isa = PBXGroup;
			children = (
				B17C4B792CC22024002D30EE /* MoviesByTitle */,
				B17C4B532CC1D90C002D30EE /* MovieDetails */,
				B17C4B082CC198A6002D30EE /* TrendingMovies */,
			);
			path = Domain;
			sourceTree = "<group>";
		};
		B17C4B032CC197D8002D30EE /* UseCase */ = {
			isa = PBXGroup;
			children = (
				B17C4B1B2CC1A251002D30EE /* TrendingMoviesUseCase.swift */,
			);
			path = UseCase;
			sourceTree = "<group>";
		};
		B17C4B042CC197E1002D30EE /* Repository */ = {
			isa = PBXGroup;
			children = (
				B17C4B122CC19D41002D30EE /* TrendingMoviesRepository.swift */,
			);
			path = Repository;
			sourceTree = "<group>";
		};
		B17C4B082CC198A6002D30EE /* TrendingMovies */ = {
			isa = PBXGroup;
			children = (
				B17C4B032CC197D8002D30EE /* UseCase */,
				B17C4B042CC197E1002D30EE /* Repository */,
			);
			path = TrendingMovies;
			sourceTree = "<group>";
		};
		B17C4B0B2CC199DA002D30EE /* DI */ = {
			isa = PBXGroup;
			children = (
				B17C4B0C2CC19A16002D30EE /* NetworkInjection.swift */,
			);
			path = DI;
			sourceTree = "<group>";
		};
		B17C4B162CC19E83002D30EE /* DI */ = {
			isa = PBXGroup;
			children = (
				B17C4B192CC1A023002D30EE /* Injection.swift */,
			);
			path = DI;
			sourceTree = "<group>";
		};
		B17C4B1D2CC1AEF4002D30EE /* Mapper */ = {
			isa = PBXGroup;
			children = (
				B17C4B1E2CC1AF0F002D30EE /* MovieByIDDomainToDTOMapper.swift */,
				B17C4B202CC1AF4C002D30EE /* MovieByIDDTOToDomainMapper.swift */,
			);
			path = Mapper;
			sourceTree = "<group>";
		};
		B17C4B222CC1AFE1002D30EE /* DataSource */ = {
			isa = PBXGroup;
			children = (
				B17C4B232CC1AFF7002D30EE /* MovieByIDDataSource.swift */,
			);
			path = DataSource;
			sourceTree = "<group>";
		};
		B17C4B252CC1B04F002D30EE /* MovieDetails */ = {
			isa = PBXGroup;
			children = (
				B17C4B392CC1C051002D30EE /* ViewModel */,
				B17C4B382CC1C04C002D30EE /* View */,
				B17C4B372CC1C045002D30EE /* DI */,
			);
			path = MovieDetails;
			sourceTree = "<group>";
		};
		B17C4B282CC1B577002D30EE /* MovieByID */ = {
			isa = PBXGroup;
			children = (
				B17C4B2F2CC1B675002D30EE /* UseCase */,
				B17C4B292CC1B582002D30EE /* Repository */,
			);
			path = MovieByID;
			sourceTree = "<group>";
		};
		B17C4B292CC1B582002D30EE /* Repository */ = {
			isa = PBXGroup;
			children = (
				B17C4B2A2CC1B595002D30EE /* MovieByIDRepository.swift */,
			);
			path = Repository;
			sourceTree = "<group>";
		};
		B17C4B2C2CC1B5C5002D30EE /* Repository */ = {
			isa = PBXGroup;
			children = (
				B17C4B2D2CC1B5DB002D30EE /* DefaultMovieByIDRepository.swift */,
			);
			path = Repository;
			sourceTree = "<group>";
		};
		B17C4B2F2CC1B675002D30EE /* UseCase */ = {
			isa = PBXGroup;
			children = (
				B17C4B302CC1B686002D30EE /* MovieByIDUseCase.swift */,
			);
			path = UseCase;
			sourceTree = "<group>";
		};
		B17C4B322CC1B80B002D30EE /* DI */ = {
			isa = PBXGroup;
			children = (
				B17C4B172CC19F60002D30EE /* TrendingMoviesContainer.swift */,
			);
			path = DI;
			sourceTree = "<group>";
		};
		B17C4B332CC1B815002D30EE /* View */ = {
			isa = PBXGroup;
			children = (
				B17C4B962CC24444002D30EE /* Cell */,
				B17C4AFD2CC19526002D30EE /* TrendingMoviesViewController.swift */,
			);
			path = View;
			sourceTree = "<group>";
		};
		B17C4B342CC1B81C002D30EE /* ViewModel */ = {
			isa = PBXGroup;
			children = (
				B17C4B352CC1B88B002D30EE /* TrendingMoviesViewModel.swift */,
			);
			path = ViewModel;
			sourceTree = "<group>";
		};
		B17C4B372CC1C045002D30EE /* DI */ = {
			isa = PBXGroup;
			children = (
				B17C4B262CC1B070002D30EE /* MovieDetailsContainer.swift */,
			);
			path = DI;
			sourceTree = "<group>";
		};
		B17C4B382CC1C04C002D30EE /* View */ = {
			isa = PBXGroup;
			children = (
				B17C4B3A2CC1C152002D30EE /* MovieDetailsViewController.swift */,
			);
			path = View;
			sourceTree = "<group>";
		};
		B17C4B392CC1C051002D30EE /* ViewModel */ = {
			isa = PBXGroup;
			children = (
				B17C4B3C2CC1C30C002D30EE /* MovieDetailsViewModel.swift */,
			);
			path = ViewModel;
			sourceTree = "<group>";
		};
		B17C4B3E2CC1D5F0002D30EE /* MovieImage */ = {
			isa = PBXGroup;
			children = (
				B17C4B582CC1D95B002D30EE /* Repository */,
				B17C4B4E2CC1D7F0002D30EE /* DataSource */,
				B17C4B452CC1D71B002D30EE /* Mapper */,
				B17C4B3F2CC1D609002D30EE /* DTO */,
			);
			path = MovieImage;
			sourceTree = "<group>";
		};
		B17C4B3F2CC1D609002D30EE /* DTO */ = {
			isa = PBXGroup;
			children = (
				B17C4B412CC1D6D0002D30EE /* MovieImageRequest.swift */,
				B17C4B432CC1D6FB002D30EE /* MovieImageRequestDTO.swift */,
				B17C4B462CC1D72A002D30EE /* MovieImageResponse.swift */,
				B17C4B482CC1D754002D30EE /* MovieImageResponseDTO.swift */,
				B17C4B512CC1D84D002D30EE /* GetMovieImageRequest.swift */,
			);
			path = DTO;
			sourceTree = "<group>";
		};
		B17C4B402CC1D683002D30EE /* MovieDetails */ = {
			isa = PBXGroup;
			children = (
				B17C4B3E2CC1D5F0002D30EE /* MovieImage */,
				B17C4AEF2CC18D9B002D30EE /* MovieByID */,
			);
			path = MovieDetails;
			sourceTree = "<group>";
		};
		B17C4B452CC1D71B002D30EE /* Mapper */ = {
			isa = PBXGroup;
			children = (
				B17C4B4A2CC1D77E002D30EE /* MovieImageDomainToDTOMapper.swift */,
				B17C4B4C2CC1D7C2002D30EE /* MovieImageDTOToDomainMapper.swift */,
			);
			path = Mapper;
			sourceTree = "<group>";
		};
		B17C4B4E2CC1D7F0002D30EE /* DataSource */ = {
			isa = PBXGroup;
			children = (
				B17C4B4F2CC1D801002D30EE /* MovieImageDataSource.swift */,
			);
			path = DataSource;
			sourceTree = "<group>";
		};
		B17C4B532CC1D90C002D30EE /* MovieDetails */ = {
			isa = PBXGroup;
			children = (
				B17C4B542CC1D915002D30EE /* MovieImage */,
				B17C4B282CC1B577002D30EE /* MovieByID */,
			);
			path = MovieDetails;
			sourceTree = "<group>";
		};
		B17C4B542CC1D915002D30EE /* MovieImage */ = {
			isa = PBXGroup;
			children = (
				B17C4B5B2CC1DA50002D30EE /* UseCase */,
				B17C4B552CC1D91E002D30EE /* Repository */,
			);
			path = MovieImage;
			sourceTree = "<group>";
		};
		B17C4B552CC1D91E002D30EE /* Repository */ = {
			isa = PBXGroup;
			children = (
				B17C4B562CC1D932002D30EE /* MovieImageRepository.swift */,
			);
			path = Repository;
			sourceTree = "<group>";
		};
		B17C4B582CC1D95B002D30EE /* Repository */ = {
			isa = PBXGroup;
			children = (
				B17C4B592CC1D967002D30EE /* DefaultMovieImageRepository.swift */,
			);
			path = Repository;
			sourceTree = "<group>";
		};
		B17C4B5B2CC1DA50002D30EE /* UseCase */ = {
			isa = PBXGroup;
			children = (
				B17C4B5C2CC1DA63002D30EE /* MovieImageUseCase.swift */,
			);
			path = UseCase;
			sourceTree = "<group>";
		};
		B17C4B642CC1ED7F002D30EE /* MoviesByTitle */ = {
			isa = PBXGroup;
			children = (
				B17C4B782CC22016002D30EE /* Repository */,
				B17C4B752CC1F00B002D30EE /* DataSource */,
				B17C4B722CC1EF83002D30EE /* Mapper */,
				B17C4B652CC1ED8E002D30EE /* DTO */,
			);
			path = MoviesByTitle;
			sourceTree = "<group>";
		};
		B17C4B652CC1ED8E002D30EE /* DTO */ = {
			isa = PBXGroup;
			children = (
				B17C4B662CC1EDAC002D30EE /* MoviesByTitleRequest.swift */,
				B17C4B682CC1EE00002D30EE /* MoviesByTitleRequestDTO.swift */,
				B17C4B6A2CC1EE29002D30EE /* MoviesByTitleResponse.swift */,
				B17C4B6C2CC1EEB5002D30EE /* MoviesByTitleResponseDTO.swift */,
				B17C4B6E2CC1EF21002D30EE /* GetMoviesByTitleRequest.swift */,
			);
			path = DTO;
			sourceTree = "<group>";
		};
		B17C4B722CC1EF83002D30EE /* Mapper */ = {
			isa = PBXGroup;
			children = (
				B17C4B702CC1EF7F002D30EE /* MoviesByTitleDomainToDTOMapper.swift */,
				B17C4B732CC1EF9A002D30EE /* MoviesByTitleDTOToDomainMapper.swift */,
			);
			path = Mapper;
			sourceTree = "<group>";
		};
		B17C4B752CC1F00B002D30EE /* DataSource */ = {
			isa = PBXGroup;
			children = (
				B17C4B762CC1F01D002D30EE /* MoviesByTitleDataSource.swift */,
			);
			path = DataSource;
			sourceTree = "<group>";
		};
		B17C4B782CC22016002D30EE /* Repository */ = {
			isa = PBXGroup;
			children = (
				B17C4B812CC2222E002D30EE /* DefaultMoviesByTitleRepository.swift */,
			);
			path = Repository;
			sourceTree = "<group>";
		};
		B17C4B792CC22024002D30EE /* MoviesByTitle */ = {
			isa = PBXGroup;
			children = (
				B17C4B832CC222FB002D30EE /* UseCase */,
				B17C4B7A2CC220D8002D30EE /* Repository */,
			);
			path = MoviesByTitle;
			sourceTree = "<group>";
		};
		B17C4B7A2CC220D8002D30EE /* Repository */ = {
			isa = PBXGroup;
			children = (
				B17C4B7F2CC221FB002D30EE /* MoviesByTitleRepository.swift */,
			);
			path = Repository;
			sourceTree = "<group>";
		};
		B17C4B7B2CC22128002D30EE /* MoviesByTitle */ = {
			isa = PBXGroup;
			children = (
				B17C4B912CC238BE002D30EE /* View */,
				B17C4B7C2CC22130002D30EE /* DI */,
			);
			path = MoviesByTitle;
			sourceTree = "<group>";
		};
		B17C4B7C2CC22130002D30EE /* DI */ = {
			isa = PBXGroup;
			children = (
				B17C4B7D2CC22142002D30EE /* MoviesByTitleContainer.swift */,
			);
			path = DI;
			sourceTree = "<group>";
		};
		B17C4B832CC222FB002D30EE /* UseCase */ = {
			isa = PBXGroup;
			children = (
				B17C4B842CC22309002D30EE /* MoviesByTitleUseCase.swift */,
			);
			path = UseCase;
			sourceTree = "<group>";
		};
		B17C4B892CC22CE2002D30EE /* Coordinator */ = {
			isa = PBXGroup;
			children = (
				B17C4B8A2CC22D6D002D30EE /* Coordinator.swift */,
			);
			path = Coordinator;
			sourceTree = "<group>";
		};
		B17C4B912CC238BE002D30EE /* View */ = {
			isa = PBXGroup;
			children = (
				B17C4B922CC238DD002D30EE /* SearchTextField.swift */,
			);
			path = View;
			sourceTree = "<group>";
		};
		B17C4B942CC2419E002D30EE /* App */ = {
			isa = PBXGroup;
			children = (
				B17C4AC22CC153B7002D30EE /* AppDelegate.swift */,
				B17C4AC42CC153B7002D30EE /* SceneDelegate.swift */,
			);
			path = App;
			sourceTree = "<group>";
		};
		B17C4B952CC241AE002D30EE /* Resources */ = {
			isa = PBXGroup;
			children = (
				B17C4ACD2CC153BA002D30EE /* LaunchScreen.storyboard */,
				B17C4ACB2CC153BA002D30EE /* Assets.xcassets */,
			);
			path = Resources;
			sourceTree = "<group>";
		};
		B17C4B962CC24444002D30EE /* Cell */ = {
			isa = PBXGroup;
			children = (
				B17C4B972CC24463002D30EE /* MovieTableViewCell.swift */,
			);
			path = Cell;
			sourceTree = "<group>";
		};
		B17C4B992CC248EF002D30EE /* Helpers */ = {
			isa = PBXGroup;
			children = (
				B17C4B9A2CC248FA002D30EE /* Extension */,
			);
			path = Helpers;
			sourceTree = "<group>";
		};
		B17C4B9A2CC248FA002D30EE /* Extension */ = {
			isa = PBXGroup;
			children = (
				B17C4B9B2CC24928002D30EE /* View+Extensions.swift */,
			);
			path = Extension;
			sourceTree = "<group>";
		};
/* End PBXGroup section */

/* Begin PBXNativeTarget section */
		B17C4ABE2CC153B7002D30EE /* MovieApp */ = {
			isa = PBXNativeTarget;
			buildConfigurationList = B17C4AD32CC153BA002D30EE /* Build configuration list for PBXNativeTarget "MovieApp" */;
			buildPhases = (
				B17C4ABB2CC153B7002D30EE /* Sources */,
				B17C4ABC2CC153B7002D30EE /* Frameworks */,
				B17C4ABD2CC153B7002D30EE /* Resources */,
			);
			buildRules = (
			);
			dependencies = (
			);
			name = MovieApp;
			packageProductDependencies = (
				B17C4AD72CC153CC002D30EE /* SnapKit */,
				B17C4B062CC1985E002D30EE /* Factory */,
				B17C4B5F2CC1DB3D002D30EE /* SDWebImage */,
				B17C4B622CC1E98C002D30EE /* SwiftyJSON */,
			);
			productName = MovieApp;
			productReference = B17C4ABF2CC153B7002D30EE /* MovieApp.app */;
			productType = "com.apple.product-type.application";
		};
/* End PBXNativeTarget section */

/* Begin PBXProject section */
		B17C4AB72CC153B7002D30EE /* Project object */ = {
			isa = PBXProject;
			attributes = {
				BuildIndependentTargetsInParallel = 1;
				LastSwiftUpdateCheck = 1540;
				LastUpgradeCheck = 1540;
				TargetAttributes = {
					B17C4ABE2CC153B7002D30EE = {
						CreatedOnToolsVersion = 15.4;
					};
				};
			};
			buildConfigurationList = B17C4ABA2CC153B7002D30EE /* Build configuration list for PBXProject "MovieApp" */;
			compatibilityVersion = "Xcode 14.0";
			developmentRegion = en;
			hasScannedForEncodings = 0;
			knownRegions = (
				en,
				Base,
			);
			mainGroup = B17C4AB62CC153B7002D30EE;
			packageReferences = (
				B17C4AD62CC153CC002D30EE /* XCRemoteSwiftPackageReference "SnapKit" */,
				B17C4B052CC1985E002D30EE /* XCRemoteSwiftPackageReference "Factory" */,
				B17C4B5E2CC1DB3D002D30EE /* XCRemoteSwiftPackageReference "SDWebImage" */,
				B17C4B612CC1E98C002D30EE /* XCRemoteSwiftPackageReference "SwiftyJSON" */,
			);
			productRefGroup = B17C4AC02CC153B7002D30EE /* Products */;
			projectDirPath = "";
			projectRoot = "";
			targets = (
				B17C4ABE2CC153B7002D30EE /* MovieApp */,
			);
		};
/* End PBXProject section */

/* Begin PBXResourcesBuildPhase section */
		B17C4ABD2CC153B7002D30EE /* Resources */ = {
			isa = PBXResourcesBuildPhase;
			buildActionMask = 2147483647;
			files = (
				B17C4ACC2CC153BA002D30EE /* Assets.xcassets in Resources */,
				B17C4ACF2CC153BA002D30EE /* Base in Resources */,
			);
			runOnlyForDeploymentPostprocessing = 0;
		};
/* End PBXResourcesBuildPhase section */

/* Begin PBXSourcesBuildPhase section */
		B17C4ABB2CC153B7002D30EE /* Sources */ = {
			isa = PBXSourcesBuildPhase;
			buildActionMask = 2147483647;
			files = (
				B17C4B3D2CC1C30C002D30EE /* MovieDetailsViewModel.swift in Sources */,
				B17C4B772CC1F01D002D30EE /* MoviesByTitleDataSource.swift in Sources */,
				B17C4B932CC238DE002D30EE /* SearchTextField.swift in Sources */,
				B17C4B7E2CC22142002D30EE /* MoviesByTitleContainer.swift in Sources */,
				B17C4B6D2CC1EEB5002D30EE /* MoviesByTitleResponseDTO.swift in Sources */,
				B17C4AF22CC18E04002D30EE /* MovieByIDRequest.swift in Sources */,
				B17C4B132CC19D41002D30EE /* TrendingMoviesRepository.swift in Sources */,
				B17C4B312CC1B686002D30EE /* MovieByIDUseCase.swift in Sources */,
				B17C4B692CC1EE00002D30EE /* MoviesByTitleRequestDTO.swift in Sources */,
				B17C4B802CC221FB002D30EE /* MoviesByTitleRepository.swift in Sources */,
				B17C4AED2CC1820F002D30EE /* TrendingMoviesResponseDTO.swift in Sources */,
				B17C4AFE2CC19526002D30EE /* TrendingMoviesViewController.swift in Sources */,
				B17C4AE92CC180CA002D30EE /* GetTrendingMoviesRequest.swift in Sources */,
				B17C4B6F2CC1EF21002D30EE /* GetMoviesByTitleRequest.swift in Sources */,
				B17C4B712CC1EF7F002D30EE /* MoviesByTitleDomainToDTOMapper.swift in Sources */,
				B17C4B9C2CC24928002D30EE /* View+Extensions.swift in Sources */,
				B17C4B0A2CC198DC002D30EE /* TrendingMoviesDataSource.swift in Sources */,
				B17C4B672CC1EDAC002D30EE /* MoviesByTitleRequest.swift in Sources */,
				B17C4B272CC1B070002D30EE /* MovieDetailsContainer.swift in Sources */,
				B17C4B1C2CC1A251002D30EE /* TrendingMoviesUseCase.swift in Sources */,
				B17C4B242CC1AFF7002D30EE /* MovieByIDDataSource.swift in Sources */,
				B17C4ADE2CC17736002D30EE /* NetworkManager.swift in Sources */,
				B17C4B5D2CC1DA63002D30EE /* MovieImageUseCase.swift in Sources */,
				B17C4AF42CC18E47002D30EE /* MovieByIDRequestDTO.swift in Sources */,
				B17C4B822CC2222E002D30EE /* DefaultMoviesByTitleRepository.swift in Sources */,
				B17C4AE52CC1800B002D30EE /* TrendingMoviesRequest.swift in Sources */,
				B17C4B422CC1D6D0002D30EE /* MovieImageRequest.swift in Sources */,
				B17C4B182CC19F60002D30EE /* TrendingMoviesContainer.swift in Sources */,
				B17C4B502CC1D801002D30EE /* MovieImageDataSource.swift in Sources */,
				B17C4B852CC22309002D30EE /* MoviesByTitleUseCase.swift in Sources */,
				B17C4AE72CC1807E002D30EE /* TrendingMoviesRequestDTO.swift in Sources */,
				B17C4B4B2CC1D77E002D30EE /* MovieImageDomainToDTOMapper.swift in Sources */,
				B17C4B3B2CC1C152002D30EE /* MovieDetailsViewController.swift in Sources */,
				B17C4AF62CC18E89002D30EE /* Movie.swift in Sources */,
				B17C4B522CC1D84D002D30EE /* GetMovieImageRequest.swift in Sources */,
				B17C4B212CC1AF4C002D30EE /* MovieByIDDTOToDomainMapper.swift in Sources */,
				B17C4B442CC1D6FB002D30EE /* MovieImageRequestDTO.swift in Sources */,
				B17C4AE02CC179B9002D30EE /* Request.swift in Sources */,
				B17C4B2B2CC1B595002D30EE /* MovieByIDRepository.swift in Sources */,
				B17C4B4D2CC1D7C2002D30EE /* MovieImageDTOToDomainMapper.swift in Sources */,
				B17C4B572CC1D932002D30EE /* MovieImageRepository.swift in Sources */,
				B17C4AC32CC153B7002D30EE /* AppDelegate.swift in Sources */,
				B17C4B492CC1D754002D30EE /* MovieImageResponseDTO.swift in Sources */,
				B17C4B742CC1EF9A002D30EE /* MoviesByTitleDTOToDomainMapper.swift in Sources */,
				B17C4B472CC1D72A002D30EE /* MovieImageResponse.swift in Sources */,
				B17C4B2E2CC1B5DB002D30EE /* DefaultMovieByIDRepository.swift in Sources */,
				B17C4B112CC19BA6002D30EE /* TrendingMoviesDTOToDomainMapper.swift in Sources */,
				B17C4B152CC19E3D002D30EE /* DefaultTrendingMoviesRepository.swift in Sources */,
				B17C4B1F2CC1AF0F002D30EE /* MovieByIDDomainToDTOMapper.swift in Sources */,
				B17C4AF82CC18FD6002D30EE /* MovieByIDResponseDTO.swift in Sources */,
				B17C4B5A2CC1D967002D30EE /* DefaultMovieImageRepository.swift in Sources */,
				B17C4B982CC24463002D30EE /* MovieTableViewCell.swift in Sources */,
				B17C4AC52CC153B7002D30EE /* SceneDelegate.swift in Sources */,
				B17C4B0D2CC19A16002D30EE /* NetworkInjection.swift in Sources */,
				B17C4B6B2CC1EE29002D30EE /* MoviesByTitleResponse.swift in Sources */,
				B17C4B362CC1B88B002D30EE /* TrendingMoviesViewModel.swift in Sources */,
				B17C4B8B2CC22D6D002D30EE /* Coordinator.swift in Sources */,
				B17C4B0F2CC19B43002D30EE /* TrendingMoviesDomainToDTOMapper.swift in Sources */,
				B17C4B1A2CC1A023002D30EE /* Injection.swift in Sources */,
				B17C4AFA2CC19178002D30EE /* GetMovieByIDRequest.swift in Sources */,
				B17C4AEB2CC18131002D30EE /* TrendingMoviesResponse.swift in Sources */,
			);
			runOnlyForDeploymentPostprocessing = 0;
		};
/* End PBXSourcesBuildPhase section */

/* Begin PBXVariantGroup section */
		B17C4ACD2CC153BA002D30EE /* LaunchScreen.storyboard */ = {
			isa = PBXVariantGroup;
			children = (
				B17C4ACE2CC153BA002D30EE /* Base */,
			);
			name = LaunchScreen.storyboard;
			sourceTree = "<group>";
		};
/* End PBXVariantGroup section */

/* Begin XCBuildConfiguration section */
		B17C4AD12CC153BA002D30EE /* Debug */ = {
			isa = XCBuildConfiguration;
			buildSettings = {
				ALWAYS_SEARCH_USER_PATHS = NO;
				ASSETCATALOG_COMPILER_GENERATE_SWIFT_ASSET_SYMBOL_EXTENSIONS = YES;
				CLANG_ANALYZER_NONNULL = YES;
				CLANG_ANALYZER_NUMBER_OBJECT_CONVERSION = YES_AGGRESSIVE;
				CLANG_CXX_LANGUAGE_STANDARD = "gnu++20";
				CLANG_ENABLE_MODULES = YES;
				CLANG_ENABLE_OBJC_ARC = YES;
				CLANG_ENABLE_OBJC_WEAK = YES;
				CLANG_WARN_BLOCK_CAPTURE_AUTORELEASING = YES;
				CLANG_WARN_BOOL_CONVERSION = YES;
				CLANG_WARN_COMMA = YES;
				CLANG_WARN_CONSTANT_CONVERSION = YES;
				CLANG_WARN_DEPRECATED_OBJC_IMPLEMENTATIONS = YES;
				CLANG_WARN_DIRECT_OBJC_ISA_USAGE = YES_ERROR;
				CLANG_WARN_DOCUMENTATION_COMMENTS = YES;
				CLANG_WARN_EMPTY_BODY = YES;
				CLANG_WARN_ENUM_CONVERSION = YES;
				CLANG_WARN_INFINITE_RECURSION = YES;
				CLANG_WARN_INT_CONVERSION = YES;
				CLANG_WARN_NON_LITERAL_NULL_CONVERSION = YES;
				CLANG_WARN_OBJC_IMPLICIT_RETAIN_SELF = YES;
				CLANG_WARN_OBJC_LITERAL_CONVERSION = YES;
				CLANG_WARN_OBJC_ROOT_CLASS = YES_ERROR;
				CLANG_WARN_QUOTED_INCLUDE_IN_FRAMEWORK_HEADER = YES;
				CLANG_WARN_RANGE_LOOP_ANALYSIS = YES;
				CLANG_WARN_STRICT_PROTOTYPES = YES;
				CLANG_WARN_SUSPICIOUS_MOVE = YES;
				CLANG_WARN_UNGUARDED_AVAILABILITY = YES_AGGRESSIVE;
				CLANG_WARN_UNREACHABLE_CODE = YES;
				CLANG_WARN__DUPLICATE_METHOD_MATCH = YES;
				COPY_PHASE_STRIP = NO;
				DEBUG_INFORMATION_FORMAT = dwarf;
				ENABLE_STRICT_OBJC_MSGSEND = YES;
				ENABLE_TESTABILITY = YES;
				ENABLE_USER_SCRIPT_SANDBOXING = YES;
				GCC_C_LANGUAGE_STANDARD = gnu17;
				GCC_DYNAMIC_NO_PIC = NO;
				GCC_NO_COMMON_BLOCKS = YES;
				GCC_OPTIMIZATION_LEVEL = 0;
				GCC_PREPROCESSOR_DEFINITIONS = (
					"DEBUG=1",
					"$(inherited)",
				);
				GCC_WARN_64_TO_32_BIT_CONVERSION = YES;
				GCC_WARN_ABOUT_RETURN_TYPE = YES_ERROR;
				GCC_WARN_UNDECLARED_SELECTOR = YES;
				GCC_WARN_UNINITIALIZED_AUTOS = YES_AGGRESSIVE;
				GCC_WARN_UNUSED_FUNCTION = YES;
				GCC_WARN_UNUSED_VARIABLE = YES;
				IPHONEOS_DEPLOYMENT_TARGET = 17.5;
				LOCALIZATION_PREFERS_STRING_CATALOGS = YES;
				MTL_ENABLE_DEBUG_INFO = INCLUDE_SOURCE;
				MTL_FAST_MATH = YES;
				ONLY_ACTIVE_ARCH = YES;
				SDKROOT = iphoneos;
				SWIFT_ACTIVE_COMPILATION_CONDITIONS = "DEBUG $(inherited)";
				SWIFT_OPTIMIZATION_LEVEL = "-Onone";
			};
			name = Debug;
		};
		B17C4AD22CC153BA002D30EE /* Release */ = {
			isa = XCBuildConfiguration;
			buildSettings = {
				ALWAYS_SEARCH_USER_PATHS = NO;
				ASSETCATALOG_COMPILER_GENERATE_SWIFT_ASSET_SYMBOL_EXTENSIONS = YES;
				CLANG_ANALYZER_NONNULL = YES;
				CLANG_ANALYZER_NUMBER_OBJECT_CONVERSION = YES_AGGRESSIVE;
				CLANG_CXX_LANGUAGE_STANDARD = "gnu++20";
				CLANG_ENABLE_MODULES = YES;
				CLANG_ENABLE_OBJC_ARC = YES;
				CLANG_ENABLE_OBJC_WEAK = YES;
				CLANG_WARN_BLOCK_CAPTURE_AUTORELEASING = YES;
				CLANG_WARN_BOOL_CONVERSION = YES;
				CLANG_WARN_COMMA = YES;
				CLANG_WARN_CONSTANT_CONVERSION = YES;
				CLANG_WARN_DEPRECATED_OBJC_IMPLEMENTATIONS = YES;
				CLANG_WARN_DIRECT_OBJC_ISA_USAGE = YES_ERROR;
				CLANG_WARN_DOCUMENTATION_COMMENTS = YES;
				CLANG_WARN_EMPTY_BODY = YES;
				CLANG_WARN_ENUM_CONVERSION = YES;
				CLANG_WARN_INFINITE_RECURSION = YES;
				CLANG_WARN_INT_CONVERSION = YES;
				CLANG_WARN_NON_LITERAL_NULL_CONVERSION = YES;
				CLANG_WARN_OBJC_IMPLICIT_RETAIN_SELF = YES;
				CLANG_WARN_OBJC_LITERAL_CONVERSION = YES;
				CLANG_WARN_OBJC_ROOT_CLASS = YES_ERROR;
				CLANG_WARN_QUOTED_INCLUDE_IN_FRAMEWORK_HEADER = YES;
				CLANG_WARN_RANGE_LOOP_ANALYSIS = YES;
				CLANG_WARN_STRICT_PROTOTYPES = YES;
				CLANG_WARN_SUSPICIOUS_MOVE = YES;
				CLANG_WARN_UNGUARDED_AVAILABILITY = YES_AGGRESSIVE;
				CLANG_WARN_UNREACHABLE_CODE = YES;
				CLANG_WARN__DUPLICATE_METHOD_MATCH = YES;
				COPY_PHASE_STRIP = NO;
				DEBUG_INFORMATION_FORMAT = "dwarf-with-dsym";
				ENABLE_NS_ASSERTIONS = NO;
				ENABLE_STRICT_OBJC_MSGSEND = YES;
				ENABLE_USER_SCRIPT_SANDBOXING = YES;
				GCC_C_LANGUAGE_STANDARD = gnu17;
				GCC_NO_COMMON_BLOCKS = YES;
				GCC_WARN_64_TO_32_BIT_CONVERSION = YES;
				GCC_WARN_ABOUT_RETURN_TYPE = YES_ERROR;
				GCC_WARN_UNDECLARED_SELECTOR = YES;
				GCC_WARN_UNINITIALIZED_AUTOS = YES_AGGRESSIVE;
				GCC_WARN_UNUSED_FUNCTION = YES;
				GCC_WARN_UNUSED_VARIABLE = YES;
				IPHONEOS_DEPLOYMENT_TARGET = 17.5;
				LOCALIZATION_PREFERS_STRING_CATALOGS = YES;
				MTL_ENABLE_DEBUG_INFO = NO;
				MTL_FAST_MATH = YES;
				SDKROOT = iphoneos;
				SWIFT_COMPILATION_MODE = wholemodule;
				VALIDATE_PRODUCT = YES;
			};
			name = Release;
		};
		B17C4AD42CC153BA002D30EE /* Debug */ = {
			isa = XCBuildConfiguration;
			buildSettings = {
				ASSETCATALOG_COMPILER_APPICON_NAME = AppIcon;
				ASSETCATALOG_COMPILER_GLOBAL_ACCENT_COLOR_NAME = AccentColor;
				CODE_SIGN_STYLE = Automatic;
				CURRENT_PROJECT_VERSION = 1;
				DEVELOPMENT_TEAM = 4M65HKCKXQ;
				GENERATE_INFOPLIST_FILE = YES;
				INFOPLIST_FILE = MovieApp/Info.plist;
				INFOPLIST_KEY_UIApplicationSupportsIndirectInputEvents = YES;
				INFOPLIST_KEY_UILaunchStoryboardName = LaunchScreen;
				INFOPLIST_KEY_UISupportedInterfaceOrientations_iPad = "UIInterfaceOrientationPortrait UIInterfaceOrientationPortraitUpsideDown UIInterfaceOrientationLandscapeLeft UIInterfaceOrientationLandscapeRight";
				INFOPLIST_KEY_UISupportedInterfaceOrientations_iPhone = "UIInterfaceOrientationPortrait UIInterfaceOrientationLandscapeLeft UIInterfaceOrientationLandscapeRight";
				LD_RUNPATH_SEARCH_PATHS = (
					"$(inherited)",
					"@executable_path/Frameworks",
				);
				MARKETING_VERSION = 1.0;
				PRODUCT_BUNDLE_IDENTIFIER = gmail.lunya.MovieApp;
				PRODUCT_NAME = "$(TARGET_NAME)";
				SWIFT_EMIT_LOC_STRINGS = YES;
				SWIFT_VERSION = 5.0;
				TARGETED_DEVICE_FAMILY = "1,2";
			};
			name = Debug;
		};
		B17C4AD52CC153BA002D30EE /* Release */ = {
			isa = XCBuildConfiguration;
			buildSettings = {
				ASSETCATALOG_COMPILER_APPICON_NAME = AppIcon;
				ASSETCATALOG_COMPILER_GLOBAL_ACCENT_COLOR_NAME = AccentColor;
				CODE_SIGN_STYLE = Automatic;
				CURRENT_PROJECT_VERSION = 1;
				DEVELOPMENT_TEAM = 4M65HKCKXQ;
				GENERATE_INFOPLIST_FILE = YES;
				INFOPLIST_FILE = MovieApp/Info.plist;
				INFOPLIST_KEY_UIApplicationSupportsIndirectInputEvents = YES;
				INFOPLIST_KEY_UILaunchStoryboardName = LaunchScreen;
				INFOPLIST_KEY_UISupportedInterfaceOrientations_iPad = "UIInterfaceOrientationPortrait UIInterfaceOrientationPortraitUpsideDown UIInterfaceOrientationLandscapeLeft UIInterfaceOrientationLandscapeRight";
				INFOPLIST_KEY_UISupportedInterfaceOrientations_iPhone = "UIInterfaceOrientationPortrait UIInterfaceOrientationLandscapeLeft UIInterfaceOrientationLandscapeRight";
				LD_RUNPATH_SEARCH_PATHS = (
					"$(inherited)",
					"@executable_path/Frameworks",
				);
				MARKETING_VERSION = 1.0;
				PRODUCT_BUNDLE_IDENTIFIER = gmail.lunya.MovieApp;
				PRODUCT_NAME = "$(TARGET_NAME)";
				SWIFT_EMIT_LOC_STRINGS = YES;
				SWIFT_VERSION = 5.0;
				TARGETED_DEVICE_FAMILY = "1,2";
			};
			name = Release;
		};
/* End XCBuildConfiguration section */

/* Begin XCConfigurationList section */
		B17C4ABA2CC153B7002D30EE /* Build configuration list for PBXProject "MovieApp" */ = {
			isa = XCConfigurationList;
			buildConfigurations = (
				B17C4AD12CC153BA002D30EE /* Debug */,
				B17C4AD22CC153BA002D30EE /* Release */,
			);
			defaultConfigurationIsVisible = 0;
			defaultConfigurationName = Release;
		};
		B17C4AD32CC153BA002D30EE /* Build configuration list for PBXNativeTarget "MovieApp" */ = {
			isa = XCConfigurationList;
			buildConfigurations = (
				B17C4AD42CC153BA002D30EE /* Debug */,
				B17C4AD52CC153BA002D30EE /* Release */,
			);
			defaultConfigurationIsVisible = 0;
			defaultConfigurationName = Release;
		};
/* End XCConfigurationList section */

/* Begin XCRemoteSwiftPackageReference section */
		B17C4AD62CC153CC002D30EE /* XCRemoteSwiftPackageReference "SnapKit" */ = {
			isa = XCRemoteSwiftPackageReference;
			repositoryURL = "https://github.com/SnapKit/SnapKit.git";
			requirement = {
				kind = upToNextMajorVersion;
				minimumVersion = 5.7.1;
			};
		};
		B17C4B052CC1985E002D30EE /* XCRemoteSwiftPackageReference "Factory" */ = {
			isa = XCRemoteSwiftPackageReference;
			repositoryURL = "https://github.com/hmlongco/Factory.git";
			requirement = {
				kind = upToNextMajorVersion;
				minimumVersion = 2.4.0;
			};
		};
		B17C4B5E2CC1DB3D002D30EE /* XCRemoteSwiftPackageReference "SDWebImage" */ = {
			isa = XCRemoteSwiftPackageReference;
			repositoryURL = "https://github.com/SDWebImage/SDWebImage.git";
			requirement = {
				kind = upToNextMajorVersion;
				minimumVersion = 5.19.7;
			};
		};
		B17C4B612CC1E98C002D30EE /* XCRemoteSwiftPackageReference "SwiftyJSON" */ = {
			isa = XCRemoteSwiftPackageReference;
			repositoryURL = "https://github.com/SwiftyJSON/SwiftyJSON.git";
			requirement = {
				kind = upToNextMajorVersion;
				minimumVersion = 5.0.2;
			};
		};
/* End XCRemoteSwiftPackageReference section */

/* Begin XCSwiftPackageProductDependency section */
		B17C4AD72CC153CC002D30EE /* SnapKit */ = {
			isa = XCSwiftPackageProductDependency;
			package = B17C4AD62CC153CC002D30EE /* XCRemoteSwiftPackageReference "SnapKit" */;
			productName = SnapKit;
		};
		B17C4B062CC1985E002D30EE /* Factory */ = {
			isa = XCSwiftPackageProductDependency;
			package = B17C4B052CC1985E002D30EE /* XCRemoteSwiftPackageReference "Factory" */;
			productName = Factory;
		};
		B17C4B5F2CC1DB3D002D30EE /* SDWebImage */ = {
			isa = XCSwiftPackageProductDependency;
			package = B17C4B5E2CC1DB3D002D30EE /* XCRemoteSwiftPackageReference "SDWebImage" */;
			productName = SDWebImage;
		};
		B17C4B622CC1E98C002D30EE /* SwiftyJSON */ = {
			isa = XCSwiftPackageProductDependency;
			package = B17C4B612CC1E98C002D30EE /* XCRemoteSwiftPackageReference "SwiftyJSON" */;
			productName = SwiftyJSON;
		};
/* End XCSwiftPackageProductDependency section */
	};
	rootObject = B17C4AB72CC153B7002D30EE /* Project object */;
}
