// !$*UTF8*$!
{
	archiveVersion = 1;
	classes = {
	};
	objectVersion = 56;
	objects = {

/* Begin PBXBuildFile section */
		B17C4AC32CC153B7002D30EE /* AppDelegate.swift in Sources */ = {isa = PBXBuildFile; fileRef = B17C4AC22CC153B7002D30EE /* AppDelegate.swift */; };
		B17C4AC52CC153B7002D30EE /* SceneDelegate.swift in Sources */ = {isa = PBXBuildFile; fileRef = B17C4AC42CC153B7002D30EE /* SceneDelegate.swift */; };
		B17C4AC72CC153B7002D30EE /* ViewController.swift in Sources */ = {isa = PBXBuildFile; fileRef = B17C4AC62CC153B7002D30EE /* ViewController.swift */; };
		B17C4ACC2CC153BA002D30EE /* Assets.xcassets in Resources */ = {isa = PBXBuildFile; fileRef = B17C4ACB2CC153BA002D30EE /* Assets.xcassets */; };
		B17C4ACF2CC153BA002D30EE /* Base in Resources */ = {isa = PBXBuildFile; fileRef = B17C4ACE2CC153BA002D30EE /* Base */; };
		B17C4AD82CC153CC002D30EE /* SnapKit in Frameworks */ = {isa = PBXBuildFile; productRef = B17C4AD72CC153CC002D30EE /* SnapKit */; };
		B17C4ADE2CC17736002D30EE /* NetworkManager.swift in Sources */ = {isa = PBXBuildFile; fileRef = B17C4ADD2CC17736002D30EE /* NetworkManager.swift */; };
		B17C4AE02CC179B9002D30EE /* Request.swift in Sources */ = {isa = PBXBuildFile; fileRef = B17C4ADF2CC179B9002D30EE /* Request.swift */; };
		B17C4AE52CC1800B002D30EE /* TrendingMoviesRequest.swift in Sources */ = {isa = PBXBuildFile; fileRef = B17C4AE42CC1800B002D30EE /* TrendingMoviesRequest.swift */; };
		B17C4AE72CC1807E002D30EE /* TrendingMoviesRequestDTO.swift in Sources */ = {isa = PBXBuildFile; fileRef = B17C4AE62CC1807E002D30EE /* TrendingMoviesRequestDTO.swift */; };
		B17C4AE92CC180CA002D30EE /* GetTrendingMoviesRequest.swift in Sources */ = {isa = PBXBuildFile; fileRef = B17C4AE82CC180CA002D30EE /* GetTrendingMoviesRequest.swift */; };
		B17C4AEB2CC18131002D30EE /* TrendingMoviesResponse.swift in Sources */ = {isa = PBXBuildFile; fileRef = B17C4AEA2CC18131002D30EE /* TrendingMoviesResponse.swift */; };
		B17C4AED2CC1820F002D30EE /* TrendingMoviesResponseDTO.swift in Sources */ = {isa = PBXBuildFile; fileRef = B17C4AEC2CC1820F002D30EE /* TrendingMoviesResponseDTO.swift */; };
		B17C4AF22CC18E04002D30EE /* MovieByIDRequest.swift in Sources */ = {isa = PBXBuildFile; fileRef = B17C4AF12CC18E04002D30EE /* MovieByIDRequest.swift */; };
		B17C4AF42CC18E47002D30EE /* MovieByIDRequestDTO.swift in Sources */ = {isa = PBXBuildFile; fileRef = B17C4AF32CC18E47002D30EE /* MovieByIDRequestDTO.swift */; };
		B17C4AF62CC18E89002D30EE /* Movie.swift in Sources */ = {isa = PBXBuildFile; fileRef = B17C4AF52CC18E89002D30EE /* Movie.swift */; };
		B17C4AF82CC18FD6002D30EE /* MovieByIDResponseDTO.swift in Sources */ = {isa = PBXBuildFile; fileRef = B17C4AF72CC18FD6002D30EE /* MovieByIDResponseDTO.swift */; };
		B17C4AFA2CC19178002D30EE /* GetMovieByIDRequest.swift in Sources */ = {isa = PBXBuildFile; fileRef = B17C4AF92CC19178002D30EE /* GetMovieByIDRequest.swift */; };
		B17C4AFE2CC19526002D30EE /* TrendingMoviesViewController.swift in Sources */ = {isa = PBXBuildFile; fileRef = B17C4AFD2CC19526002D30EE /* TrendingMoviesViewController.swift */; };
		B17C4B072CC1985E002D30EE /* Factory in Frameworks */ = {isa = PBXBuildFile; productRef = B17C4B062CC1985E002D30EE /* Factory */; };
		B17C4B0A2CC198DC002D30EE /* TrendingMoviesDataSource.swift in Sources */ = {isa = PBXBuildFile; fileRef = B17C4B092CC198DC002D30EE /* TrendingMoviesDataSource.swift */; };
		B17C4B0D2CC19A16002D30EE /* NetworkInjection.swift in Sources */ = {isa = PBXBuildFile; fileRef = B17C4B0C2CC19A16002D30EE /* NetworkInjection.swift */; };
		B17C4B0F2CC19B43002D30EE /* TrendingMoviesDomainToDTOMapper.swift in Sources */ = {isa = PBXBuildFile; fileRef = B17C4B0E2CC19B43002D30EE /* TrendingMoviesDomainToDTOMapper.swift */; };
		B17C4B112CC19BA6002D30EE /* TrendingMoviesDTOToDomainMapper.swift in Sources */ = {isa = PBXBuildFile; fileRef = B17C4B102CC19BA6002D30EE /* TrendingMoviesDTOToDomainMapper.swift */; };
		B17C4B132CC19D41002D30EE /* TrendingMoviesRepository.swift in Sources */ = {isa = PBXBuildFile; fileRef = B17C4B122CC19D41002D30EE /* TrendingMoviesRepository.swift */; };
		B17C4B152CC19E3D002D30EE /* DefaultTrendingMoviesRepository.swift in Sources */ = {isa = PBXBuildFile; fileRef = B17C4B142CC19E3D002D30EE /* DefaultTrendingMoviesRepository.swift */; };
		B17C4B182CC19F60002D30EE /* TrendingMoviesContainer.swift in Sources */ = {isa = PBXBuildFile; fileRef = B17C4B172CC19F60002D30EE /* TrendingMoviesContainer.swift */; };
		B17C4B1A2CC1A023002D30EE /* Injection.swift in Sources */ = {isa = PBXBuildFile; fileRef = B17C4B192CC1A023002D30EE /* Injection.swift */; };
		B17C4B1C2CC1A251002D30EE /* TrendingMoviesUseCase.swift in Sources */ = {isa = PBXBuildFile; fileRef = B17C4B1B2CC1A251002D30EE /* TrendingMoviesUseCase.swift */; };
		B17C4B1F2CC1AF0F002D30EE /* MovieByIDDomainToDTOMapper.swift in Sources */ = {isa = PBXBuildFile; fileRef = B17C4B1E2CC1AF0F002D30EE /* MovieByIDDomainToDTOMapper.swift */; };
		B17C4B212CC1AF4C002D30EE /* MovieByIDDTOToDomainMapper.swift in Sources */ = {isa = PBXBuildFile; fileRef = B17C4B202CC1AF4C002D30EE /* MovieByIDDTOToDomainMapper.swift */; };
		B17C4B242CC1AFF7002D30EE /* MovieByIDDataSource.swift in Sources */ = {isa = PBXBuildFile; fileRef = B17C4B232CC1AFF7002D30EE /* MovieByIDDataSource.swift */; };
		B17C4B272CC1B070002D30EE /* MovieByIDContainer.swift in Sources */ = {isa = PBXBuildFile; fileRef = B17C4B262CC1B070002D30EE /* MovieByIDContainer.swift */; };
		B17C4B2B2CC1B595002D30EE /* MovieByIDRepository.swift in Sources */ = {isa = PBXBuildFile; fileRef = B17C4B2A2CC1B595002D30EE /* MovieByIDRepository.swift */; };
		B17C4B2E2CC1B5DB002D30EE /* DefaultMovieByIDRepository.swift in Sources */ = {isa = PBXBuildFile; fileRef = B17C4B2D2CC1B5DB002D30EE /* DefaultMovieByIDRepository.swift */; };
		B17C4B312CC1B686002D30EE /* MovieByIDUseCase.swift in Sources */ = {isa = PBXBuildFile; fileRef = B17C4B302CC1B686002D30EE /* MovieByIDUseCase.swift */; };
		B17C4B362CC1B88B002D30EE /* TrendingMoviesViewModel.swift in Sources */ = {isa = PBXBuildFile; fileRef = B17C4B352CC1B88B002D30EE /* TrendingMoviesViewModel.swift */; };
/* End PBXBuildFile section */

/* Begin PBXFileReference section */
		B17C4ABF2CC153B7002D30EE /* MovieApp.app */ = {isa = PBXFileReference; explicitFileType = wrapper.application; includeInIndex = 0; path = MovieApp.app; sourceTree = BUILT_PRODUCTS_DIR; };
		B17C4AC22CC153B7002D30EE /* AppDelegate.swift */ = {isa = PBXFileReference; lastKnownFileType = sourcecode.swift; path = AppDelegate.swift; sourceTree = "<group>"; };
		B17C4AC42CC153B7002D30EE /* SceneDelegate.swift */ = {isa = PBXFileReference; lastKnownFileType = sourcecode.swift; path = SceneDelegate.swift; sourceTree = "<group>"; };
		B17C4AC62CC153B7002D30EE /* ViewController.swift */ = {isa = PBXFileReference; lastKnownFileType = sourcecode.swift; path = ViewController.swift; sourceTree = "<group>"; };
		B17C4ACB2CC153BA002D30EE /* Assets.xcassets */ = {isa = PBXFileReference; lastKnownFileType = folder.assetcatalog; path = Assets.xcassets; sourceTree = "<group>"; };
		B17C4ACE2CC153BA002D30EE /* Base */ = {isa = PBXFileReference; lastKnownFileType = file.storyboard; name = Base; path = Base.lproj/LaunchScreen.storyboard; sourceTree = "<group>"; };
		B17C4AD02CC153BA002D30EE /* Info.plist */ = {isa = PBXFileReference; lastKnownFileType = text.plist.xml; path = Info.plist; sourceTree = "<group>"; };
		B17C4ADD2CC17736002D30EE /* NetworkManager.swift */ = {isa = PBXFileReference; lastKnownFileType = sourcecode.swift; path = NetworkManager.swift; sourceTree = "<group>"; };
		B17C4ADF2CC179B9002D30EE /* Request.swift */ = {isa = PBXFileReference; lastKnownFileType = sourcecode.swift; path = Request.swift; sourceTree = "<group>"; };
		B17C4AE42CC1800B002D30EE /* TrendingMoviesRequest.swift */ = {isa = PBXFileReference; lastKnownFileType = sourcecode.swift; path = TrendingMoviesRequest.swift; sourceTree = "<group>"; };
		B17C4AE62CC1807E002D30EE /* TrendingMoviesRequestDTO.swift */ = {isa = PBXFileReference; lastKnownFileType = sourcecode.swift; path = TrendingMoviesRequestDTO.swift; sourceTree = "<group>"; };
		B17C4AE82CC180CA002D30EE /* GetTrendingMoviesRequest.swift */ = {isa = PBXFileReference; lastKnownFileType = sourcecode.swift; path = GetTrendingMoviesRequest.swift; sourceTree = "<group>"; };
		B17C4AEA2CC18131002D30EE /* TrendingMoviesResponse.swift */ = {isa = PBXFileReference; lastKnownFileType = sourcecode.swift; path = TrendingMoviesResponse.swift; sourceTree = "<group>"; };
		B17C4AEC2CC1820F002D30EE /* TrendingMoviesResponseDTO.swift */ = {isa = PBXFileReference; lastKnownFileType = sourcecode.swift; path = TrendingMoviesResponseDTO.swift; sourceTree = "<group>"; };
		B17C4AF12CC18E04002D30EE /* MovieByIDRequest.swift */ = {isa = PBXFileReference; lastKnownFileType = sourcecode.swift; path = MovieByIDRequest.swift; sourceTree = "<group>"; };
		B17C4AF32CC18E47002D30EE /* MovieByIDRequestDTO.swift */ = {isa = PBXFileReference; lastKnownFileType = sourcecode.swift; path = MovieByIDRequestDTO.swift; sourceTree = "<group>"; };
		B17C4AF52CC18E89002D30EE /* Movie.swift */ = {isa = PBXFileReference; lastKnownFileType = sourcecode.swift; path = Movie.swift; sourceTree = "<group>"; };
		B17C4AF72CC18FD6002D30EE /* MovieByIDResponseDTO.swift */ = {isa = PBXFileReference; lastKnownFileType = sourcecode.swift; path = MovieByIDResponseDTO.swift; sourceTree = "<group>"; };
		B17C4AF92CC19178002D30EE /* GetMovieByIDRequest.swift */ = {isa = PBXFileReference; lastKnownFileType = sourcecode.swift; path = GetMovieByIDRequest.swift; sourceTree = "<group>"; };
		B17C4AFD2CC19526002D30EE /* TrendingMoviesViewController.swift */ = {isa = PBXFileReference; lastKnownFileType = sourcecode.swift; path = TrendingMoviesViewController.swift; sourceTree = "<group>"; };
		B17C4B092CC198DC002D30EE /* TrendingMoviesDataSource.swift */ = {isa = PBXFileReference; lastKnownFileType = sourcecode.swift; path = TrendingMoviesDataSource.swift; sourceTree = "<group>"; };
		B17C4B0C2CC19A16002D30EE /* NetworkInjection.swift */ = {isa = PBXFileReference; lastKnownFileType = sourcecode.swift; path = NetworkInjection.swift; sourceTree = "<group>"; };
		B17C4B0E2CC19B43002D30EE /* TrendingMoviesDomainToDTOMapper.swift */ = {isa = PBXFileReference; lastKnownFileType = sourcecode.swift; path = TrendingMoviesDomainToDTOMapper.swift; sourceTree = "<group>"; };
		B17C4B102CC19BA6002D30EE /* TrendingMoviesDTOToDomainMapper.swift */ = {isa = PBXFileReference; lastKnownFileType = sourcecode.swift; path = TrendingMoviesDTOToDomainMapper.swift; sourceTree = "<group>"; };
		B17C4B122CC19D41002D30EE /* TrendingMoviesRepository.swift */ = {isa = PBXFileReference; lastKnownFileType = sourcecode.swift; path = TrendingMoviesRepository.swift; sourceTree = "<group>"; };
		B17C4B142CC19E3D002D30EE /* DefaultTrendingMoviesRepository.swift */ = {isa = PBXFileReference; lastKnownFileType = sourcecode.swift; path = DefaultTrendingMoviesRepository.swift; sourceTree = "<group>"; };
		B17C4B172CC19F60002D30EE /* TrendingMoviesContainer.swift */ = {isa = PBXFileReference; lastKnownFileType = sourcecode.swift; path = TrendingMoviesContainer.swift; sourceTree = "<group>"; };
		B17C4B192CC1A023002D30EE /* Injection.swift */ = {isa = PBXFileReference; lastKnownFileType = sourcecode.swift; path = Injection.swift; sourceTree = "<group>"; };
		B17C4B1B2CC1A251002D30EE /* TrendingMoviesUseCase.swift */ = {isa = PBXFileReference; lastKnownFileType = sourcecode.swift; path = TrendingMoviesUseCase.swift; sourceTree = "<group>"; };
		B17C4B1E2CC1AF0F002D30EE /* MovieByIDDomainToDTOMapper.swift */ = {isa = PBXFileReference; lastKnownFileType = sourcecode.swift; path = MovieByIDDomainToDTOMapper.swift; sourceTree = "<group>"; };
		B17C4B202CC1AF4C002D30EE /* MovieByIDDTOToDomainMapper.swift */ = {isa = PBXFileReference; lastKnownFileType = sourcecode.swift; path = MovieByIDDTOToDomainMapper.swift; sourceTree = "<group>"; };
		B17C4B232CC1AFF7002D30EE /* MovieByIDDataSource.swift */ = {isa = PBXFileReference; lastKnownFileType = sourcecode.swift; path = MovieByIDDataSource.swift; sourceTree = "<group>"; };
		B17C4B262CC1B070002D30EE /* MovieByIDContainer.swift */ = {isa = PBXFileReference; lastKnownFileType = sourcecode.swift; path = MovieByIDContainer.swift; sourceTree = "<group>"; };
		B17C4B2A2CC1B595002D30EE /* MovieByIDRepository.swift */ = {isa = PBXFileReference; lastKnownFileType = sourcecode.swift; path = MovieByIDRepository.swift; sourceTree = "<group>"; };
		B17C4B2D2CC1B5DB002D30EE /* DefaultMovieByIDRepository.swift */ = {isa = PBXFileReference; lastKnownFileType = sourcecode.swift; path = DefaultMovieByIDRepository.swift; sourceTree = "<group>"; };
		B17C4B302CC1B686002D30EE /* MovieByIDUseCase.swift */ = {isa = PBXFileReference; lastKnownFileType = sourcecode.swift; path = MovieByIDUseCase.swift; sourceTree = "<group>"; };
		B17C4B352CC1B88B002D30EE /* TrendingMoviesViewModel.swift */ = {isa = PBXFileReference; lastKnownFileType = sourcecode.swift; path = TrendingMoviesViewModel.swift; sourceTree = "<group>"; };
/* End PBXFileReference section */

/* Begin PBXFrameworksBuildPhase section */
		B17C4ABC2CC153B7002D30EE /* Frameworks */ = {
			isa = PBXFrameworksBuildPhase;
			buildActionMask = 2147483647;
			files = (
				B17C4AD82CC153CC002D30EE /* SnapKit in Frameworks */,
				B17C4B072CC1985E002D30EE /* Factory in Frameworks */,
			);
			runOnlyForDeploymentPostprocessing = 0;
		};
/* End PBXFrameworksBuildPhase section */

/* Begin PBXGroup section */
		B17C4AB62CC153B7002D30EE = {
			isa = PBXGroup;
			children = (
				B17C4AC12CC153B7002D30EE /* MovieApp */,
				B17C4AC02CC153B7002D30EE /* Products */,
			);
			sourceTree = "<group>";
		};
		B17C4AC02CC153B7002D30EE /* Products */ = {
			isa = PBXGroup;
			children = (
				B17C4ABF2CC153B7002D30EE /* MovieApp.app */,
			);
			name = Products;
			sourceTree = "<group>";
		};
		B17C4AC12CC153B7002D30EE /* MovieApp */ = {
			isa = PBXGroup;
			children = (
				B17C4B162CC19E83002D30EE /* DI */,
				B17C4B022CC197D3002D30EE /* Domain */,
				B17C4AFB2CC194C9002D30EE /* Presentation */,
				B17C4AE22CC17F74002D30EE /* Data */,
				B17C4ADC2CC17709002D30EE /* Network */,
				B17C4AC22CC153B7002D30EE /* AppDelegate.swift */,
				B17C4AC42CC153B7002D30EE /* SceneDelegate.swift */,
				B17C4AC62CC153B7002D30EE /* ViewController.swift */,
				B17C4ACB2CC153BA002D30EE /* Assets.xcassets */,
				B17C4ACD2CC153BA002D30EE /* LaunchScreen.storyboard */,
				B17C4AD02CC153BA002D30EE /* Info.plist */,
			);
			path = MovieApp;
			sourceTree = "<group>";
		};
		B17C4ADC2CC17709002D30EE /* Network */ = {
			isa = PBXGroup;
			children = (
				B17C4B0B2CC199DA002D30EE /* DI */,
				B17C4AE12CC17ED9002D30EE /* Request */,
				B17C4ADD2CC17736002D30EE /* NetworkManager.swift */,
			);
			path = Network;
			sourceTree = "<group>";
		};
		B17C4AE12CC17ED9002D30EE /* Request */ = {
			isa = PBXGroup;
			children = (
				B17C4ADF2CC179B9002D30EE /* Request.swift */,
			);
			path = Request;
			sourceTree = "<group>";
		};
		B17C4AE22CC17F74002D30EE /* Data */ = {
			isa = PBXGroup;
			children = (
				B17C4AEF2CC18D9B002D30EE /* MovieByID */,
				B17C4AEE2CC18D8C002D30EE /* TrendingMovies */,
			);
			path = Data;
			sourceTree = "<group>";
		};
		B17C4AE32CC17F7B002D30EE /* DTO */ = {
			isa = PBXGroup;
			children = (
				B17C4AE42CC1800B002D30EE /* TrendingMoviesRequest.swift */,
				B17C4AE62CC1807E002D30EE /* TrendingMoviesRequestDTO.swift */,
				B17C4AE82CC180CA002D30EE /* GetTrendingMoviesRequest.swift */,
				B17C4AEA2CC18131002D30EE /* TrendingMoviesResponse.swift */,
				B17C4AEC2CC1820F002D30EE /* TrendingMoviesResponseDTO.swift */,
			);
			path = DTO;
			sourceTree = "<group>";
		};
		B17C4AEE2CC18D8C002D30EE /* TrendingMovies */ = {
			isa = PBXGroup;
			children = (
				B17C4B012CC197C1002D30EE /* Mapper */,
				B17C4B002CC197B9002D30EE /* Repository */,
				B17C4AFF2CC197AE002D30EE /* DataSource */,
				B17C4AE32CC17F7B002D30EE /* DTO */,
			);
			path = TrendingMovies;
			sourceTree = "<group>";
		};
		B17C4AEF2CC18D9B002D30EE /* MovieByID */ = {
			isa = PBXGroup;
			children = (
				B17C4B2C2CC1B5C5002D30EE /* Repository */,
				B17C4B222CC1AFE1002D30EE /* DataSource */,
				B17C4B1D2CC1AEF4002D30EE /* Mapper */,
				B17C4AF02CC18DB9002D30EE /* DTO */,
			);
			path = MovieByID;
			sourceTree = "<group>";
		};
		B17C4AF02CC18DB9002D30EE /* DTO */ = {
			isa = PBXGroup;
			children = (
				B17C4AF12CC18E04002D30EE /* MovieByIDRequest.swift */,
				B17C4AF32CC18E47002D30EE /* MovieByIDRequestDTO.swift */,
				B17C4AF52CC18E89002D30EE /* Movie.swift */,
				B17C4AF72CC18FD6002D30EE /* MovieByIDResponseDTO.swift */,
				B17C4AF92CC19178002D30EE /* GetMovieByIDRequest.swift */,
			);
			path = DTO;
			sourceTree = "<group>";
		};
		B17C4AFB2CC194C9002D30EE /* Presentation */ = {
			isa = PBXGroup;
			children = (
				B17C4B252CC1B04F002D30EE /* MovieByID */,
				B17C4AFC2CC194EE002D30EE /* TrendingMovies */,
			);
			path = Presentation;
			sourceTree = "<group>";
		};
		B17C4AFC2CC194EE002D30EE /* TrendingMovies */ = {
			isa = PBXGroup;
			children = (
				B17C4B342CC1B81C002D30EE /* ViewModel */,
				B17C4B332CC1B815002D30EE /* View */,
				B17C4B322CC1B80B002D30EE /* DI */,
			);
			path = TrendingMovies;
			sourceTree = "<group>";
		};
		B17C4AFF2CC197AE002D30EE /* DataSource */ = {
			isa = PBXGroup;
			children = (
				B17C4B092CC198DC002D30EE /* TrendingMoviesDataSource.swift */,
			);
			path = DataSource;
			sourceTree = "<group>";
		};
		B17C4B002CC197B9002D30EE /* Repository */ = {
			isa = PBXGroup;
			children = (
				B17C4B142CC19E3D002D30EE /* DefaultTrendingMoviesRepository.swift */,
			);
			path = Repository;
			sourceTree = "<group>";
		};
		B17C4B012CC197C1002D30EE /* Mapper */ = {
			isa = PBXGroup;
			children = (
				B17C4B0E2CC19B43002D30EE /* TrendingMoviesDomainToDTOMapper.swift */,
				B17C4B102CC19BA6002D30EE /* TrendingMoviesDTOToDomainMapper.swift */,
			);
			path = Mapper;
			sourceTree = "<group>";
		};
		B17C4B022CC197D3002D30EE /* Domain */ = {
			isa = PBXGroup;
			children = (
				B17C4B282CC1B577002D30EE /* MovieByID */,
				B17C4B082CC198A6002D30EE /* TrendingMovies */,
			);
			path = Domain;
			sourceTree = "<group>";
		};
		B17C4B032CC197D8002D30EE /* UseCase */ = {
			isa = PBXGroup;
			children = (
				B17C4B1B2CC1A251002D30EE /* TrendingMoviesUseCase.swift */,
			);
			path = UseCase;
			sourceTree = "<group>";
		};
		B17C4B042CC197E1002D30EE /* Repository */ = {
			isa = PBXGroup;
			children = (
				B17C4B122CC19D41002D30EE /* TrendingMoviesRepository.swift */,
			);
			path = Repository;
			sourceTree = "<group>";
		};
		B17C4B082CC198A6002D30EE /* TrendingMovies */ = {
			isa = PBXGroup;
			children = (
				B17C4B032CC197D8002D30EE /* UseCase */,
				B17C4B042CC197E1002D30EE /* Repository */,
			);
			path = TrendingMovies;
			sourceTree = "<group>";
		};
		B17C4B0B2CC199DA002D30EE /* DI */ = {
			isa = PBXGroup;
			children = (
				B17C4B0C2CC19A16002D30EE /* NetworkInjection.swift */,
			);
			path = DI;
			sourceTree = "<group>";
		};
		B17C4B162CC19E83002D30EE /* DI */ = {
			isa = PBXGroup;
			children = (
				B17C4B192CC1A023002D30EE /* Injection.swift */,
			);
			path = DI;
			sourceTree = "<group>";
		};
		B17C4B1D2CC1AEF4002D30EE /* Mapper */ = {
			isa = PBXGroup;
			children = (
				B17C4B1E2CC1AF0F002D30EE /* MovieByIDDomainToDTOMapper.swift */,
				B17C4B202CC1AF4C002D30EE /* MovieByIDDTOToDomainMapper.swift */,
			);
			path = Mapper;
			sourceTree = "<group>";
		};
		B17C4B222CC1AFE1002D30EE /* DataSource */ = {
			isa = PBXGroup;
			children = (
				B17C4B232CC1AFF7002D30EE /* MovieByIDDataSource.swift */,
			);
			path = DataSource;
			sourceTree = "<group>";
		};
		B17C4B252CC1B04F002D30EE /* MovieByID */ = {
			isa = PBXGroup;
			children = (
				B17C4B262CC1B070002D30EE /* MovieByIDContainer.swift */,
			);
			path = MovieByID;
			sourceTree = "<group>";
		};
		B17C4B282CC1B577002D30EE /* MovieByID */ = {
			isa = PBXGroup;
			children = (
				B17C4B2F2CC1B675002D30EE /* UseCase */,
				B17C4B292CC1B582002D30EE /* Repository */,
			);
			path = MovieByID;
			sourceTree = "<group>";
		};
		B17C4B292CC1B582002D30EE /* Repository */ = {
			isa = PBXGroup;
			children = (
				B17C4B2A2CC1B595002D30EE /* MovieByIDRepository.swift */,
			);
			path = Repository;
			sourceTree = "<group>";
		};
		B17C4B2C2CC1B5C5002D30EE /* Repository */ = {
			isa = PBXGroup;
			children = (
				B17C4B2D2CC1B5DB002D30EE /* DefaultMovieByIDRepository.swift */,
			);
			path = Repository;
			sourceTree = "<group>";
		};
		B17C4B2F2CC1B675002D30EE /* UseCase */ = {
			isa = PBXGroup;
			children = (
				B17C4B302CC1B686002D30EE /* MovieByIDUseCase.swift */,
			);
			path = UseCase;
			sourceTree = "<group>";
		};
		B17C4B322CC1B80B002D30EE /* DI */ = {
			isa = PBXGroup;
			children = (
				B17C4B172CC19F60002D30EE /* TrendingMoviesContainer.swift */,
			);
			path = DI;
			sourceTree = "<group>";
		};
		B17C4B332CC1B815002D30EE /* View */ = {
			isa = PBXGroup;
			children = (
				B17C4AFD2CC19526002D30EE /* TrendingMoviesViewController.swift */,
			);
			path = View;
			sourceTree = "<group>";
		};
		B17C4B342CC1B81C002D30EE /* ViewModel */ = {
			isa = PBXGroup;
			children = (
				B17C4B352CC1B88B002D30EE /* TrendingMoviesViewModel.swift */,
			);
			path = ViewModel;
			sourceTree = "<group>";
		};
/* End PBXGroup section */

/* Begin PBXNativeTarget section */
		B17C4ABE2CC153B7002D30EE /* MovieApp */ = {
			isa = PBXNativeTarget;
			buildConfigurationList = B17C4AD32CC153BA002D30EE /* Build configuration list for PBXNativeTarget "MovieApp" */;
			buildPhases = (
				B17C4ABB2CC153B7002D30EE /* Sources */,
				B17C4ABC2CC153B7002D30EE /* Frameworks */,
				B17C4ABD2CC153B7002D30EE /* Resources */,
			);
			buildRules = (
			);
			dependencies = (
			);
			name = MovieApp;
			packageProductDependencies = (
				B17C4AD72CC153CC002D30EE /* SnapKit */,
				B17C4B062CC1985E002D30EE /* Factory */,
			);
			productName = MovieApp;
			productReference = B17C4ABF2CC153B7002D30EE /* MovieApp.app */;
			productType = "com.apple.product-type.application";
		};
/* End PBXNativeTarget section */

/* Begin PBXProject section */
		B17C4AB72CC153B7002D30EE /* Project object */ = {
			isa = PBXProject;
			attributes = {
				BuildIndependentTargetsInParallel = 1;
				LastSwiftUpdateCheck = 1540;
				LastUpgradeCheck = 1540;
				TargetAttributes = {
					B17C4ABE2CC153B7002D30EE = {
						CreatedOnToolsVersion = 15.4;
					};
				};
			};
			buildConfigurationList = B17C4ABA2CC153B7002D30EE /* Build configuration list for PBXProject "MovieApp" */;
			compatibilityVersion = "Xcode 14.0";
			developmentRegion = en;
			hasScannedForEncodings = 0;
			knownRegions = (
				en,
				Base,
			);
			mainGroup = B17C4AB62CC153B7002D30EE;
			packageReferences = (
				B17C4AD62CC153CC002D30EE /* XCRemoteSwiftPackageReference "SnapKit" */,
				B17C4B052CC1985E002D30EE /* XCRemoteSwiftPackageReference "Factory" */,
			);
			productRefGroup = B17C4AC02CC153B7002D30EE /* Products */;
			projectDirPath = "";
			projectRoot = "";
			targets = (
				B17C4ABE2CC153B7002D30EE /* MovieApp */,
			);
		};
/* End PBXProject section */

/* Begin PBXResourcesBuildPhase section */
		B17C4ABD2CC153B7002D30EE /* Resources */ = {
			isa = PBXResourcesBuildPhase;
			buildActionMask = 2147483647;
			files = (
				B17C4ACC2CC153BA002D30EE /* Assets.xcassets in Resources */,
				B17C4ACF2CC153BA002D30EE /* Base in Resources */,
			);
			runOnlyForDeploymentPostprocessing = 0;
		};
/* End PBXResourcesBuildPhase section */

/* Begin PBXSourcesBuildPhase section */
		B17C4ABB2CC153B7002D30EE /* Sources */ = {
			isa = PBXSourcesBuildPhase;
			buildActionMask = 2147483647;
			files = (
				B17C4AF22CC18E04002D30EE /* MovieByIDRequest.swift in Sources */,
				B17C4B132CC19D41002D30EE /* TrendingMoviesRepository.swift in Sources */,
				B17C4B312CC1B686002D30EE /* MovieByIDUseCase.swift in Sources */,
				B17C4AED2CC1820F002D30EE /* TrendingMoviesResponseDTO.swift in Sources */,
				B17C4AFE2CC19526002D30EE /* TrendingMoviesViewController.swift in Sources */,
				B17C4AE92CC180CA002D30EE /* GetTrendingMoviesRequest.swift in Sources */,
				B17C4B0A2CC198DC002D30EE /* TrendingMoviesDataSource.swift in Sources */,
				B17C4B272CC1B070002D30EE /* MovieByIDContainer.swift in Sources */,
				B17C4B1C2CC1A251002D30EE /* TrendingMoviesUseCase.swift in Sources */,
				B17C4B242CC1AFF7002D30EE /* MovieByIDDataSource.swift in Sources */,
				B17C4ADE2CC17736002D30EE /* NetworkManager.swift in Sources */,
				B17C4AF42CC18E47002D30EE /* MovieByIDRequestDTO.swift in Sources */,
				B17C4AE52CC1800B002D30EE /* TrendingMoviesRequest.swift in Sources */,
				B17C4B182CC19F60002D30EE /* TrendingMoviesContainer.swift in Sources */,
				B17C4AC72CC153B7002D30EE /* ViewController.swift in Sources */,
				B17C4AE72CC1807E002D30EE /* TrendingMoviesRequestDTO.swift in Sources */,
				B17C4AF62CC18E89002D30EE /* Movie.swift in Sources */,
				B17C4B212CC1AF4C002D30EE /* MovieByIDDTOToDomainMapper.swift in Sources */,
				B17C4AE02CC179B9002D30EE /* Request.swift in Sources */,
				B17C4B2B2CC1B595002D30EE /* MovieByIDRepository.swift in Sources */,
				B17C4AC32CC153B7002D30EE /* AppDelegate.swift in Sources */,
				B17C4B2E2CC1B5DB002D30EE /* DefaultMovieByIDRepository.swift in Sources */,
				B17C4B112CC19BA6002D30EE /* TrendingMoviesDTOToDomainMapper.swift in Sources */,
				B17C4B152CC19E3D002D30EE /* DefaultTrendingMoviesRepository.swift in Sources */,
				B17C4B1F2CC1AF0F002D30EE /* MovieByIDDomainToDTOMapper.swift in Sources */,
				B17C4AF82CC18FD6002D30EE /* MovieByIDResponseDTO.swift in Sources */,
				B17C4AC52CC153B7002D30EE /* SceneDelegate.swift in Sources */,
				B17C4B0D2CC19A16002D30EE /* NetworkInjection.swift in Sources */,
				B17C4B362CC1B88B002D30EE /* TrendingMoviesViewModel.swift in Sources */,
				B17C4B0F2CC19B43002D30EE /* TrendingMoviesDomainToDTOMapper.swift in Sources */,
				B17C4B1A2CC1A023002D30EE /* Injection.swift in Sources */,
				B17C4AFA2CC19178002D30EE /* GetMovieByIDRequest.swift in Sources */,
				B17C4AEB2CC18131002D30EE /* TrendingMoviesResponse.swift in Sources */,
			);
			runOnlyForDeploymentPostprocessing = 0;
		};
/* End PBXSourcesBuildPhase section */

/* Begin PBXVariantGroup section */
		B17C4ACD2CC153BA002D30EE /* LaunchScreen.storyboard */ = {
			isa = PBXVariantGroup;
			children = (
				B17C4ACE2CC153BA002D30EE /* Base */,
			);
			name = LaunchScreen.storyboard;
			sourceTree = "<group>";
		};
/* End PBXVariantGroup section */

/* Begin XCBuildConfiguration section */
		B17C4AD12CC153BA002D30EE /* Debug */ = {
			isa = XCBuildConfiguration;
			buildSettings = {
				ALWAYS_SEARCH_USER_PATHS = NO;
				ASSETCATALOG_COMPILER_GENERATE_SWIFT_ASSET_SYMBOL_EXTENSIONS = YES;
				CLANG_ANALYZER_NONNULL = YES;
				CLANG_ANALYZER_NUMBER_OBJECT_CONVERSION = YES_AGGRESSIVE;
				CLANG_CXX_LANGUAGE_STANDARD = "gnu++20";
				CLANG_ENABLE_MODULES = YES;
				CLANG_ENABLE_OBJC_ARC = YES;
				CLANG_ENABLE_OBJC_WEAK = YES;
				CLANG_WARN_BLOCK_CAPTURE_AUTORELEASING = YES;
				CLANG_WARN_BOOL_CONVERSION = YES;
				CLANG_WARN_COMMA = YES;
				CLANG_WARN_CONSTANT_CONVERSION = YES;
				CLANG_WARN_DEPRECATED_OBJC_IMPLEMENTATIONS = YES;
				CLANG_WARN_DIRECT_OBJC_ISA_USAGE = YES_ERROR;
				CLANG_WARN_DOCUMENTATION_COMMENTS = YES;
				CLANG_WARN_EMPTY_BODY = YES;
				CLANG_WARN_ENUM_CONVERSION = YES;
				CLANG_WARN_INFINITE_RECURSION = YES;
				CLANG_WARN_INT_CONVERSION = YES;
				CLANG_WARN_NON_LITERAL_NULL_CONVERSION = YES;
				CLANG_WARN_OBJC_IMPLICIT_RETAIN_SELF = YES;
				CLANG_WARN_OBJC_LITERAL_CONVERSION = YES;
				CLANG_WARN_OBJC_ROOT_CLASS = YES_ERROR;
				CLANG_WARN_QUOTED_INCLUDE_IN_FRAMEWORK_HEADER = YES;
				CLANG_WARN_RANGE_LOOP_ANALYSIS = YES;
				CLANG_WARN_STRICT_PROTOTYPES = YES;
				CLANG_WARN_SUSPICIOUS_MOVE = YES;
				CLANG_WARN_UNGUARDED_AVAILABILITY = YES_AGGRESSIVE;
				CLANG_WARN_UNREACHABLE_CODE = YES;
				CLANG_WARN__DUPLICATE_METHOD_MATCH = YES;
				COPY_PHASE_STRIP = NO;
				DEBUG_INFORMATION_FORMAT = dwarf;
				ENABLE_STRICT_OBJC_MSGSEND = YES;
				ENABLE_TESTABILITY = YES;
				ENABLE_USER_SCRIPT_SANDBOXING = YES;
				GCC_C_LANGUAGE_STANDARD = gnu17;
				GCC_DYNAMIC_NO_PIC = NO;
				GCC_NO_COMMON_BLOCKS = YES;
				GCC_OPTIMIZATION_LEVEL = 0;
				GCC_PREPROCESSOR_DEFINITIONS = (
					"DEBUG=1",
					"$(inherited)",
				);
				GCC_WARN_64_TO_32_BIT_CONVERSION = YES;
				GCC_WARN_ABOUT_RETURN_TYPE = YES_ERROR;
				GCC_WARN_UNDECLARED_SELECTOR = YES;
				GCC_WARN_UNINITIALIZED_AUTOS = YES_AGGRESSIVE;
				GCC_WARN_UNUSED_FUNCTION = YES;
				GCC_WARN_UNUSED_VARIABLE = YES;
				IPHONEOS_DEPLOYMENT_TARGET = 17.5;
				LOCALIZATION_PREFERS_STRING_CATALOGS = YES;
				MTL_ENABLE_DEBUG_INFO = INCLUDE_SOURCE;
				MTL_FAST_MATH = YES;
				ONLY_ACTIVE_ARCH = YES;
				SDKROOT = iphoneos;
				SWIFT_ACTIVE_COMPILATION_CONDITIONS = "DEBUG $(inherited)";
				SWIFT_OPTIMIZATION_LEVEL = "-Onone";
			};
			name = Debug;
		};
		B17C4AD22CC153BA002D30EE /* Release */ = {
			isa = XCBuildConfiguration;
			buildSettings = {
				ALWAYS_SEARCH_USER_PATHS = NO;
				ASSETCATALOG_COMPILER_GENERATE_SWIFT_ASSET_SYMBOL_EXTENSIONS = YES;
				CLANG_ANALYZER_NONNULL = YES;
				CLANG_ANALYZER_NUMBER_OBJECT_CONVERSION = YES_AGGRESSIVE;
				CLANG_CXX_LANGUAGE_STANDARD = "gnu++20";
				CLANG_ENABLE_MODULES = YES;
				CLANG_ENABLE_OBJC_ARC = YES;
				CLANG_ENABLE_OBJC_WEAK = YES;
				CLANG_WARN_BLOCK_CAPTURE_AUTORELEASING = YES;
				CLANG_WARN_BOOL_CONVERSION = YES;
				CLANG_WARN_COMMA = YES;
				CLANG_WARN_CONSTANT_CONVERSION = YES;
				CLANG_WARN_DEPRECATED_OBJC_IMPLEMENTATIONS = YES;
				CLANG_WARN_DIRECT_OBJC_ISA_USAGE = YES_ERROR;
				CLANG_WARN_DOCUMENTATION_COMMENTS = YES;
				CLANG_WARN_EMPTY_BODY = YES;
				CLANG_WARN_ENUM_CONVERSION = YES;
				CLANG_WARN_INFINITE_RECURSION = YES;
				CLANG_WARN_INT_CONVERSION = YES;
				CLANG_WARN_NON_LITERAL_NULL_CONVERSION = YES;
				CLANG_WARN_OBJC_IMPLICIT_RETAIN_SELF = YES;
				CLANG_WARN_OBJC_LITERAL_CONVERSION = YES;
				CLANG_WARN_OBJC_ROOT_CLASS = YES_ERROR;
				CLANG_WARN_QUOTED_INCLUDE_IN_FRAMEWORK_HEADER = YES;
				CLANG_WARN_RANGE_LOOP_ANALYSIS = YES;
				CLANG_WARN_STRICT_PROTOTYPES = YES;
				CLANG_WARN_SUSPICIOUS_MOVE = YES;
				CLANG_WARN_UNGUARDED_AVAILABILITY = YES_AGGRESSIVE;
				CLANG_WARN_UNREACHABLE_CODE = YES;
				CLANG_WARN__DUPLICATE_METHOD_MATCH = YES;
				COPY_PHASE_STRIP = NO;
				DEBUG_INFORMATION_FORMAT = "dwarf-with-dsym";
				ENABLE_NS_ASSERTIONS = NO;
				ENABLE_STRICT_OBJC_MSGSEND = YES;
				ENABLE_USER_SCRIPT_SANDBOXING = YES;
				GCC_C_LANGUAGE_STANDARD = gnu17;
				GCC_NO_COMMON_BLOCKS = YES;
				GCC_WARN_64_TO_32_BIT_CONVERSION = YES;
				GCC_WARN_ABOUT_RETURN_TYPE = YES_ERROR;
				GCC_WARN_UNDECLARED_SELECTOR = YES;
				GCC_WARN_UNINITIALIZED_AUTOS = YES_AGGRESSIVE;
				GCC_WARN_UNUSED_FUNCTION = YES;
				GCC_WARN_UNUSED_VARIABLE = YES;
				IPHONEOS_DEPLOYMENT_TARGET = 17.5;
				LOCALIZATION_PREFERS_STRING_CATALOGS = YES;
				MTL_ENABLE_DEBUG_INFO = NO;
				MTL_FAST_MATH = YES;
				SDKROOT = iphoneos;
				SWIFT_COMPILATION_MODE = wholemodule;
				VALIDATE_PRODUCT = YES;
			};
			name = Release;
		};
		B17C4AD42CC153BA002D30EE /* Debug */ = {
			isa = XCBuildConfiguration;
			buildSettings = {
				ASSETCATALOG_COMPILER_APPICON_NAME = AppIcon;
				ASSETCATALOG_COMPILER_GLOBAL_ACCENT_COLOR_NAME = AccentColor;
				CODE_SIGN_STYLE = Automatic;
				CURRENT_PROJECT_VERSION = 1;
				DEVELOPMENT_TEAM = 4M65HKCKXQ;
				GENERATE_INFOPLIST_FILE = YES;
				INFOPLIST_FILE = MovieApp/Info.plist;
				INFOPLIST_KEY_UIApplicationSupportsIndirectInputEvents = YES;
				INFOPLIST_KEY_UILaunchStoryboardName = LaunchScreen;
				INFOPLIST_KEY_UISupportedInterfaceOrientations_iPad = "UIInterfaceOrientationPortrait UIInterfaceOrientationPortraitUpsideDown UIInterfaceOrientationLandscapeLeft UIInterfaceOrientationLandscapeRight";
				INFOPLIST_KEY_UISupportedInterfaceOrientations_iPhone = "UIInterfaceOrientationPortrait UIInterfaceOrientationLandscapeLeft UIInterfaceOrientationLandscapeRight";
				LD_RUNPATH_SEARCH_PATHS = (
					"$(inherited)",
					"@executable_path/Frameworks",
				);
				MARKETING_VERSION = 1.0;
				PRODUCT_BUNDLE_IDENTIFIER = gmail.lunya.MovieApp;
				PRODUCT_NAME = "$(TARGET_NAME)";
				SWIFT_EMIT_LOC_STRINGS = YES;
				SWIFT_VERSION = 5.0;
				TARGETED_DEVICE_FAMILY = "1,2";
			};
			name = Debug;
		};
		B17C4AD52CC153BA002D30EE /* Release */ = {
			isa = XCBuildConfiguration;
			buildSettings = {
				ASSETCATALOG_COMPILER_APPICON_NAME = AppIcon;
				ASSETCATALOG_COMPILER_GLOBAL_ACCENT_COLOR_NAME = AccentColor;
				CODE_SIGN_STYLE = Automatic;
				CURRENT_PROJECT_VERSION = 1;
				DEVELOPMENT_TEAM = 4M65HKCKXQ;
				GENERATE_INFOPLIST_FILE = YES;
				INFOPLIST_FILE = MovieApp/Info.plist;
				INFOPLIST_KEY_UIApplicationSupportsIndirectInputEvents = YES;
				INFOPLIST_KEY_UILaunchStoryboardName = LaunchScreen;
				INFOPLIST_KEY_UISupportedInterfaceOrientations_iPad = "UIInterfaceOrientationPortrait UIInterfaceOrientationPortraitUpsideDown UIInterfaceOrientationLandscapeLeft UIInterfaceOrientationLandscapeRight";
				INFOPLIST_KEY_UISupportedInterfaceOrientations_iPhone = "UIInterfaceOrientationPortrait UIInterfaceOrientationLandscapeLeft UIInterfaceOrientationLandscapeRight";
				LD_RUNPATH_SEARCH_PATHS = (
					"$(inherited)",
					"@executable_path/Frameworks",
				);
				MARKETING_VERSION = 1.0;
				PRODUCT_BUNDLE_IDENTIFIER = gmail.lunya.MovieApp;
				PRODUCT_NAME = "$(TARGET_NAME)";
				SWIFT_EMIT_LOC_STRINGS = YES;
				SWIFT_VERSION = 5.0;
				TARGETED_DEVICE_FAMILY = "1,2";
			};
			name = Release;
		};
/* End XCBuildConfiguration section */

/* Begin XCConfigurationList section */
		B17C4ABA2CC153B7002D30EE /* Build configuration list for PBXProject "MovieApp" */ = {
			isa = XCConfigurationList;
			buildConfigurations = (
				B17C4AD12CC153BA002D30EE /* Debug */,
				B17C4AD22CC153BA002D30EE /* Release */,
			);
			defaultConfigurationIsVisible = 0;
			defaultConfigurationName = Release;
		};
		B17C4AD32CC153BA002D30EE /* Build configuration list for PBXNativeTarget "MovieApp" */ = {
			isa = XCConfigurationList;
			buildConfigurations = (
				B17C4AD42CC153BA002D30EE /* Debug */,
				B17C4AD52CC153BA002D30EE /* Release */,
			);
			defaultConfigurationIsVisible = 0;
			defaultConfigurationName = Release;
		};
/* End XCConfigurationList section */

/* Begin XCRemoteSwiftPackageReference section */
		B17C4AD62CC153CC002D30EE /* XCRemoteSwiftPackageReference "SnapKit" */ = {
			isa = XCRemoteSwiftPackageReference;
			repositoryURL = "https://github.com/SnapKit/SnapKit.git";
			requirement = {
				kind = upToNextMajorVersion;
				minimumVersion = 5.7.1;
			};
		};
		B17C4B052CC1985E002D30EE /* XCRemoteSwiftPackageReference "Factory" */ = {
			isa = XCRemoteSwiftPackageReference;
			repositoryURL = "https://github.com/hmlongco/Factory.git";
			requirement = {
				kind = upToNextMajorVersion;
				minimumVersion = 2.4.0;
			};
		};
/* End XCRemoteSwiftPackageReference section */

/* Begin XCSwiftPackageProductDependency section */
		B17C4AD72CC153CC002D30EE /* SnapKit */ = {
			isa = XCSwiftPackageProductDependency;
			package = B17C4AD62CC153CC002D30EE /* XCRemoteSwiftPackageReference "SnapKit" */;
			productName = SnapKit;
		};
		B17C4B062CC1985E002D30EE /* Factory */ = {
			isa = XCSwiftPackageProductDependency;
			package = B17C4B052CC1985E002D30EE /* XCRemoteSwiftPackageReference "Factory" */;
			productName = Factory;
		};
/* End XCSwiftPackageProductDependency section */
	};
	rootObject = B17C4AB72CC153B7002D30EE /* Project object */;
}
